// !$*UTF8*$!
{
	archiveVersion = 1;
	classes = {
	};
	objectVersion = 50;
	objects = {

/* Begin PBXBuildFile section */
		F098FD552204958A00656B8F /* AppDelegate.swift in Sources */ = {isa = PBXBuildFile; fileRef = F098FD542204958A00656B8F /* AppDelegate.swift */; };
		F098FD572204958A00656B8F /* ViewController.swift in Sources */ = {isa = PBXBuildFile; fileRef = F098FD562204958A00656B8F /* ViewController.swift */; };
		F098FD5A2204958A00656B8F /* Main.storyboard in Resources */ = {isa = PBXBuildFile; fileRef = F098FD582204958A00656B8F /* Main.storyboard */; };
		F098FD5C2204958C00656B8F /* Assets.xcassets in Resources */ = {isa = PBXBuildFile; fileRef = F098FD5B2204958C00656B8F /* Assets.xcassets */; };
		F098FD5F2204958C00656B8F /* LaunchScreen.storyboard in Resources */ = {isa = PBXBuildFile; fileRef = F098FD5D2204958C00656B8F /* LaunchScreen.storyboard */; };
		F098FD6A2204958C00656B8F /* ContactsTests.swift in Sources */ = {isa = PBXBuildFile; fileRef = F098FD692204958C00656B8F /* ContactsTests.swift */; };
		F098FD752204958C00656B8F /* ContactsUITests.swift in Sources */ = {isa = PBXBuildFile; fileRef = F098FD742204958C00656B8F /* ContactsUITests.swift */; };
/* End PBXBuildFile section */

/* Begin PBXContainerItemProxy section */
		F098FD662204958C00656B8F /* PBXContainerItemProxy */ = {
			isa = PBXContainerItemProxy;
			containerPortal = F098FD492204958A00656B8F /* Project object */;
			proxyType = 1;
			remoteGlobalIDString = F098FD502204958A00656B8F;
			remoteInfo = Contacts;
		};
		F098FD712204958C00656B8F /* PBXContainerItemProxy */ = {
			isa = PBXContainerItemProxy;
			containerPortal = F098FD492204958A00656B8F /* Project object */;
			proxyType = 1;
			remoteGlobalIDString = F098FD502204958A00656B8F;
			remoteInfo = Contacts;
		};
/* End PBXContainerItemProxy section */

/* Begin PBXFileReference section */
		F098FD512204958A00656B8F /* Contacts.app */ = {isa = PBXFileReference; explicitFileType = wrapper.application; includeInIndex = 0; path = Contacts.app; sourceTree = BUILT_PRODUCTS_DIR; };
		F098FD542204958A00656B8F /* AppDelegate.swift */ = {isa = PBXFileReference; lastKnownFileType = sourcecode.swift; path = AppDelegate.swift; sourceTree = "<group>"; };
		F098FD562204958A00656B8F /* ViewController.swift */ = {isa = PBXFileReference; lastKnownFileType = sourcecode.swift; path = ViewController.swift; sourceTree = "<group>"; };
		F098FD592204958A00656B8F /* Base */ = {isa = PBXFileReference; lastKnownFileType = file.storyboard; name = Base; path = Base.lproj/Main.storyboard; sourceTree = "<group>"; };
		F098FD5B2204958C00656B8F /* Assets.xcassets */ = {isa = PBXFileReference; lastKnownFileType = folder.assetcatalog; path = Assets.xcassets; sourceTree = "<group>"; };
		F098FD5E2204958C00656B8F /* Base */ = {isa = PBXFileReference; lastKnownFileType = file.storyboard; name = Base; path = Base.lproj/LaunchScreen.storyboard; sourceTree = "<group>"; };
		F098FD602204958C00656B8F /* Info.plist */ = {isa = PBXFileReference; lastKnownFileType = text.plist.xml; path = Info.plist; sourceTree = "<group>"; };
		F098FD652204958C00656B8F /* ContactsTests.xctest */ = {isa = PBXFileReference; explicitFileType = wrapper.cfbundle; includeInIndex = 0; path = ContactsTests.xctest; sourceTree = BUILT_PRODUCTS_DIR; };
		F098FD692204958C00656B8F /* ContactsTests.swift */ = {isa = PBXFileReference; lastKnownFileType = sourcecode.swift; path = ContactsTests.swift; sourceTree = "<group>"; };
		F098FD6B2204958C00656B8F /* Info.plist */ = {isa = PBXFileReference; lastKnownFileType = text.plist.xml; path = Info.plist; sourceTree = "<group>"; };
		F098FD702204958C00656B8F /* ContactsUITests.xctest */ = {isa = PBXFileReference; explicitFileType = wrapper.cfbundle; includeInIndex = 0; path = ContactsUITests.xctest; sourceTree = BUILT_PRODUCTS_DIR; };
		F098FD742204958C00656B8F /* ContactsUITests.swift */ = {isa = PBXFileReference; lastKnownFileType = sourcecode.swift; path = ContactsUITests.swift; sourceTree = "<group>"; };
		F098FD762204958C00656B8F /* Info.plist */ = {isa = PBXFileReference; lastKnownFileType = text.plist.xml; path = Info.plist; sourceTree = "<group>"; };
/* End PBXFileReference section */

/* Begin PBXFrameworksBuildPhase section */
		F098FD4E2204958A00656B8F /* Frameworks */ = {
			isa = PBXFrameworksBuildPhase;
			buildActionMask = 2147483647;
			files = (
			);
			runOnlyForDeploymentPostprocessing = 0;
		};
		F098FD622204958C00656B8F /* Frameworks */ = {
			isa = PBXFrameworksBuildPhase;
			buildActionMask = 2147483647;
			files = (
			);
			runOnlyForDeploymentPostprocessing = 0;
		};
		F098FD6D2204958C00656B8F /* Frameworks */ = {
			isa = PBXFrameworksBuildPhase;
			buildActionMask = 2147483647;
			files = (
			);
			runOnlyForDeploymentPostprocessing = 0;
		};
/* End PBXFrameworksBuildPhase section */

/* Begin PBXGroup section */
		F098FD482204958A00656B8F = {
			isa = PBXGroup;
			children = (
				F098FD532204958A00656B8F /* Contacts */,
				F098FD682204958C00656B8F /* ContactsTests */,
				F098FD732204958C00656B8F /* ContactsUITests */,
				F098FD522204958A00656B8F /* Products */,
			);
			sourceTree = "<group>";
		};
		F098FD522204958A00656B8F /* Products */ = {
			isa = PBXGroup;
			children = (
				F098FD512204958A00656B8F /* Contacts.app */,
				F098FD652204958C00656B8F /* ContactsTests.xctest */,
				F098FD702204958C00656B8F /* ContactsUITests.xctest */,
			);
			name = Products;
			sourceTree = "<group>";
		};
		F098FD532204958A00656B8F /* Contacts */ = {
			isa = PBXGroup;
			children = (
				F098FD542204958A00656B8F /* AppDelegate.swift */,
				F098FD562204958A00656B8F /* ViewController.swift */,
				F098FD582204958A00656B8F /* Main.storyboard */,
				F098FD5B2204958C00656B8F /* Assets.xcassets */,
				F098FD5D2204958C00656B8F /* LaunchScreen.storyboard */,
				F098FD602204958C00656B8F /* Info.plist */,
			);
			path = Contacts;
			sourceTree = "<group>";
		};
		F098FD682204958C00656B8F /* ContactsTests */ = {
			isa = PBXGroup;
			children = (
				F098FD692204958C00656B8F /* ContactsTests.swift */,
				F098FD6B2204958C00656B8F /* Info.plist */,
			);
			path = ContactsTests;
			sourceTree = "<group>";
		};
		F098FD732204958C00656B8F /* ContactsUITests */ = {
			isa = PBXGroup;
			children = (
				F098FD742204958C00656B8F /* ContactsUITests.swift */,
				F098FD762204958C00656B8F /* Info.plist */,
			);
			path = ContactsUITests;
			sourceTree = "<group>";
		};
/* End PBXGroup section */

/* Begin PBXNativeTarget section */
		F098FD502204958A00656B8F /* Contacts */ = {
			isa = PBXNativeTarget;
			buildConfigurationList = F098FD792204958C00656B8F /* Build configuration list for PBXNativeTarget "Contacts" */;
			buildPhases = (
				F098FD4D2204958A00656B8F /* Sources */,
				F098FD4E2204958A00656B8F /* Frameworks */,
				F098FD4F2204958A00656B8F /* Resources */,
			);
			buildRules = (
			);
			dependencies = (
			);
			name = Contacts;
			productName = Contacts;
			productReference = F098FD512204958A00656B8F /* Contacts.app */;
			productType = "com.apple.product-type.application";
		};
		F098FD642204958C00656B8F /* ContactsTests */ = {
			isa = PBXNativeTarget;
			buildConfigurationList = F098FD7C2204958C00656B8F /* Build configuration list for PBXNativeTarget "ContactsTests" */;
			buildPhases = (
				F098FD612204958C00656B8F /* Sources */,
				F098FD622204958C00656B8F /* Frameworks */,
				F098FD632204958C00656B8F /* Resources */,
			);
			buildRules = (
			);
			dependencies = (
				F098FD672204958C00656B8F /* PBXTargetDependency */,
			);
			name = ContactsTests;
			productName = ContactsTests;
			productReference = F098FD652204958C00656B8F /* ContactsTests.xctest */;
			productType = "com.apple.product-type.bundle.unit-test";
		};
		F098FD6F2204958C00656B8F /* ContactsUITests */ = {
			isa = PBXNativeTarget;
			buildConfigurationList = F098FD7F2204958C00656B8F /* Build configuration list for PBXNativeTarget "ContactsUITests" */;
			buildPhases = (
				F098FD6C2204958C00656B8F /* Sources */,
				F098FD6D2204958C00656B8F /* Frameworks */,
				F098FD6E2204958C00656B8F /* Resources */,
			);
			buildRules = (
			);
			dependencies = (
				F098FD722204958C00656B8F /* PBXTargetDependency */,
			);
			name = ContactsUITests;
			productName = ContactsUITests;
			productReference = F098FD702204958C00656B8F /* ContactsUITests.xctest */;
			productType = "com.apple.product-type.bundle.ui-testing";
		};
/* End PBXNativeTarget section */

/* Begin PBXProject section */
		F098FD492204958A00656B8F /* Project object */ = {
			isa = PBXProject;
			attributes = {
				LastSwiftUpdateCheck = 1010;
				LastUpgradeCheck = 1010;
				ORGANIZATIONNAME = "Stanislau Baranouski";
				TargetAttributes = {
					F098FD502204958A00656B8F = {
						CreatedOnToolsVersion = 10.1;
					};
					F098FD642204958C00656B8F = {
						CreatedOnToolsVersion = 10.1;
						TestTargetID = F098FD502204958A00656B8F;
					};
					F098FD6F2204958C00656B8F = {
						CreatedOnToolsVersion = 10.1;
						TestTargetID = F098FD502204958A00656B8F;
					};
				};
			};
			buildConfigurationList = F098FD4C2204958A00656B8F /* Build configuration list for PBXProject "Contacts" */;
			compatibilityVersion = "Xcode 9.3";
			developmentRegion = en;
			hasScannedForEncodings = 0;
			knownRegions = (
				en,
				Base,
			);
			mainGroup = F098FD482204958A00656B8F;
			productRefGroup = F098FD522204958A00656B8F /* Products */;
			projectDirPath = "";
			projectRoot = "";
			targets = (
				F098FD502204958A00656B8F /* Contacts */,
				F098FD642204958C00656B8F /* ContactsTests */,
				F098FD6F2204958C00656B8F /* ContactsUITests */,
			);
		};
/* End PBXProject section */

/* Begin PBXResourcesBuildPhase section */
		F098FD4F2204958A00656B8F /* Resources */ = {
			isa = PBXResourcesBuildPhase;
			buildActionMask = 2147483647;
			files = (
				F098FD5F2204958C00656B8F /* LaunchScreen.storyboard in Resources */,
				F098FD5C2204958C00656B8F /* Assets.xcassets in Resources */,
				F098FD5A2204958A00656B8F /* Main.storyboard in Resources */,
			);
			runOnlyForDeploymentPostprocessing = 0;
		};
		F098FD632204958C00656B8F /* Resources */ = {
			isa = PBXResourcesBuildPhase;
			buildActionMask = 2147483647;
			files = (
			);
			runOnlyForDeploymentPostprocessing = 0;
		};
		F098FD6E2204958C00656B8F /* Resources */ = {
			isa = PBXResourcesBuildPhase;
			buildActionMask = 2147483647;
			files = (
			);
			runOnlyForDeploymentPostprocessing = 0;
		};
/* End PBXResourcesBuildPhase section */

/* Begin PBXSourcesBuildPhase section */
		F098FD4D2204958A00656B8F /* Sources */ = {
			isa = PBXSourcesBuildPhase;
			buildActionMask = 2147483647;
			files = (
				F098FD572204958A00656B8F /* ViewController.swift in Sources */,
				F098FD552204958A00656B8F /* AppDelegate.swift in Sources */,
			);
			runOnlyForDeploymentPostprocessing = 0;
		};
		F098FD612204958C00656B8F /* Sources */ = {
			isa = PBXSourcesBuildPhase;
			buildActionMask = 2147483647;
			files = (
				F098FD6A2204958C00656B8F /* ContactsTests.swift in Sources */,
			);
			runOnlyForDeploymentPostprocessing = 0;
		};
		F098FD6C2204958C00656B8F /* Sources */ = {
			isa = PBXSourcesBuildPhase;
			buildActionMask = 2147483647;
			files = (
				F098FD752204958C00656B8F /* ContactsUITests.swift in Sources */,
			);
			runOnlyForDeploymentPostprocessing = 0;
		};
/* End PBXSourcesBuildPhase section */

/* Begin PBXTargetDependency section */
		F098FD672204958C00656B8F /* PBXTargetDependency */ = {
			isa = PBXTargetDependency;
			target = F098FD502204958A00656B8F /* Contacts */;
			targetProxy = F098FD662204958C00656B8F /* PBXContainerItemProxy */;
		};
		F098FD722204958C00656B8F /* PBXTargetDependency */ = {
			isa = PBXTargetDependency;
			target = F098FD502204958A00656B8F /* Contacts */;
			targetProxy = F098FD712204958C00656B8F /* PBXContainerItemProxy */;
		};
/* End PBXTargetDependency section */

/* Begin PBXVariantGroup section */
		F098FD582204958A00656B8F /* Main.storyboard */ = {
			isa = PBXVariantGroup;
			children = (
				F098FD592204958A00656B8F /* Base */,
			);
			name = Main.storyboard;
			sourceTree = "<group>";
		};
		F098FD5D2204958C00656B8F /* LaunchScreen.storyboard */ = {
			isa = PBXVariantGroup;
			children = (
				F098FD5E2204958C00656B8F /* Base */,
			);
			name = LaunchScreen.storyboard;
			sourceTree = "<group>";
		};
/* End PBXVariantGroup section */

/* Begin XCBuildConfiguration section */
		F098FD772204958C00656B8F /* Debug */ = {
			isa = XCBuildConfiguration;
			buildSettings = {
				ALWAYS_SEARCH_USER_PATHS = NO;
				CLANG_ANALYZER_NONNULL = YES;
				CLANG_ANALYZER_NUMBER_OBJECT_CONVERSION = YES_AGGRESSIVE;
				CLANG_CXX_LANGUAGE_STANDARD = "gnu++14";
				CLANG_CXX_LIBRARY = "libc++";
				CLANG_ENABLE_MODULES = YES;
				CLANG_ENABLE_OBJC_ARC = YES;
				CLANG_ENABLE_OBJC_WEAK = YES;
				CLANG_WARN_BLOCK_CAPTURE_AUTORELEASING = YES;
				CLANG_WARN_BOOL_CONVERSION = YES;
				CLANG_WARN_COMMA = YES;
				CLANG_WARN_CONSTANT_CONVERSION = YES;
				CLANG_WARN_DEPRECATED_OBJC_IMPLEMENTATIONS = YES;
				CLANG_WARN_DIRECT_OBJC_ISA_USAGE = YES_ERROR;
				CLANG_WARN_DOCUMENTATION_COMMENTS = YES;
				CLANG_WARN_EMPTY_BODY = YES;
				CLANG_WARN_ENUM_CONVERSION = YES;
				CLANG_WARN_INFINITE_RECURSION = YES;
				CLANG_WARN_INT_CONVERSION = YES;
				CLANG_WARN_NON_LITERAL_NULL_CONVERSION = YES;
				CLANG_WARN_OBJC_IMPLICIT_RETAIN_SELF = YES;
				CLANG_WARN_OBJC_LITERAL_CONVERSION = YES;
				CLANG_WARN_OBJC_ROOT_CLASS = YES_ERROR;
				CLANG_WARN_RANGE_LOOP_ANALYSIS = YES;
				CLANG_WARN_STRICT_PROTOTYPES = YES;
				CLANG_WARN_SUSPICIOUS_MOVE = YES;
				CLANG_WARN_UNGUARDED_AVAILABILITY = YES_AGGRESSIVE;
				CLANG_WARN_UNREACHABLE_CODE = YES;
				CLANG_WARN__DUPLICATE_METHOD_MATCH = YES;
				CODE_SIGN_IDENTITY = "iPhone Developer";
				COPY_PHASE_STRIP = NO;
				DEBUG_INFORMATION_FORMAT = dwarf;
				ENABLE_STRICT_OBJC_MSGSEND = YES;
				ENABLE_TESTABILITY = YES;
				GCC_C_LANGUAGE_STANDARD = gnu11;
				GCC_DYNAMIC_NO_PIC = NO;
				GCC_NO_COMMON_BLOCKS = YES;
				GCC_OPTIMIZATION_LEVEL = 0;
				GCC_PREPROCESSOR_DEFINITIONS = (
					"DEBUG=1",
					"$(inherited)",
				);
				GCC_WARN_64_TO_32_BIT_CONVERSION = YES;
				GCC_WARN_ABOUT_RETURN_TYPE = YES_ERROR;
				GCC_WARN_UNDECLARED_SELECTOR = YES;
				GCC_WARN_UNINITIALIZED_AUTOS = YES_AGGRESSIVE;
				GCC_WARN_UNUSED_FUNCTION = YES;
				GCC_WARN_UNUSED_VARIABLE = YES;
				IPHONEOS_DEPLOYMENT_TARGET = 12.1;
				MTL_ENABLE_DEBUG_INFO = INCLUDE_SOURCE;
				MTL_FAST_MATH = YES;
				ONLY_ACTIVE_ARCH = YES;
				SDKROOT = iphoneos;
				SWIFT_ACTIVE_COMPILATION_CONDITIONS = DEBUG;
				SWIFT_OPTIMIZATION_LEVEL = "-Onone";
			};
			name = Debug;
		};
		F098FD782204958C00656B8F /* Release */ = {
			isa = XCBuildConfiguration;
			buildSettings = {
				ALWAYS_SEARCH_USER_PATHS = NO;
				CLANG_ANALYZER_NONNULL = YES;
				CLANG_ANALYZER_NUMBER_OBJECT_CONVERSION = YES_AGGRESSIVE;
				CLANG_CXX_LANGUAGE_STANDARD = "gnu++14";
				CLANG_CXX_LIBRARY = "libc++";
				CLANG_ENABLE_MODULES = YES;
				CLANG_ENABLE_OBJC_ARC = YES;
				CLANG_ENABLE_OBJC_WEAK = YES;
				CLANG_WARN_BLOCK_CAPTURE_AUTORELEASING = YES;
				CLANG_WARN_BOOL_CONVERSION = YES;
				CLANG_WARN_COMMA = YES;
				CLANG_WARN_CONSTANT_CONVERSION = YES;
				CLANG_WARN_DEPRECATED_OBJC_IMPLEMENTATIONS = YES;
				CLANG_WARN_DIRECT_OBJC_ISA_USAGE = YES_ERROR;
				CLANG_WARN_DOCUMENTATION_COMMENTS = YES;
				CLANG_WARN_EMPTY_BODY = YES;
				CLANG_WARN_ENUM_CONVERSION = YES;
				CLANG_WARN_INFINITE_RECURSION = YES;
				CLANG_WARN_INT_CONVERSION = YES;
				CLANG_WARN_NON_LITERAL_NULL_CONVERSION = YES;
				CLANG_WARN_OBJC_IMPLICIT_RETAIN_SELF = YES;
				CLANG_WARN_OBJC_LITERAL_CONVERSION = YES;
				CLANG_WARN_OBJC_ROOT_CLASS = YES_ERROR;
				CLANG_WARN_RANGE_LOOP_ANALYSIS = YES;
				CLANG_WARN_STRICT_PROTOTYPES = YES;
				CLANG_WARN_SUSPICIOUS_MOVE = YES;
				CLANG_WARN_UNGUARDED_AVAILABILITY = YES_AGGRESSIVE;
				CLANG_WARN_UNREACHABLE_CODE = YES;
				CLANG_WARN__DUPLICATE_METHOD_MATCH = YES;
				CODE_SIGN_IDENTITY = "iPhone Developer";
				COPY_PHASE_STRIP = NO;
				DEBUG_INFORMATION_FORMAT = "dwarf-with-dsym";
				ENABLE_NS_ASSERTIONS = NO;
				ENABLE_STRICT_OBJC_MSGSEND = YES;
				GCC_C_LANGUAGE_STANDARD = gnu11;
				GCC_NO_COMMON_BLOCKS = YES;
				GCC_WARN_64_TO_32_BIT_CONVERSION = YES;
				GCC_WARN_ABOUT_RETURN_TYPE = YES_ERROR;
				GCC_WARN_UNDECLARED_SELECTOR = YES;
				GCC_WARN_UNINITIALIZED_AUTOS = YES_AGGRESSIVE;
				GCC_WARN_UNUSED_FUNCTION = YES;
				GCC_WARN_UNUSED_VARIABLE = YES;
				IPHONEOS_DEPLOYMENT_TARGET = 12.1;
				MTL_ENABLE_DEBUG_INFO = NO;
				MTL_FAST_MATH = YES;
				SDKROOT = iphoneos;
				SWIFT_COMPILATION_MODE = wholemodule;
				SWIFT_OPTIMIZATION_LEVEL = "-O";
				VALIDATE_PRODUCT = YES;
			};
			name = Release;
		};
		F098FD7A2204958C00656B8F /* Debug */ = {
			isa = XCBuildConfiguration;
			buildSettings = {
				ASSETCATALOG_COMPILER_APPICON_NAME = AppIcon;
				CODE_SIGN_STYLE = Automatic;
				DEVELOPMENT_TEAM = 9QAMVT46U8;
				INFOPLIST_FILE = Contacts/Info.plist;
				LD_RUNPATH_SEARCH_PATHS = (
					"$(inherited)",
					"@executable_path/Frameworks",
				);
				PRODUCT_BUNDLE_IDENTIFIER = Freemansion.Contacts;
				PRODUCT_NAME = "$(TARGET_NAME)";
				SWIFT_VERSION = 4.2;
				TARGETED_DEVICE_FAMILY = "1,2";
			};
			name = Debug;
		};
		F098FD7B2204958C00656B8F /* Release */ = {
			isa = XCBuildConfiguration;
			buildSettings = {
				ASSETCATALOG_COMPILER_APPICON_NAME = AppIcon;
				CODE_SIGN_STYLE = Automatic;
				DEVELOPMENT_TEAM = 9QAMVT46U8;
				INFOPLIST_FILE = Contacts/Info.plist;
				LD_RUNPATH_SEARCH_PATHS = (
					"$(inherited)",
					"@executable_path/Frameworks",
				);
				PRODUCT_BUNDLE_IDENTIFIER = Freemansion.Contacts;
				PRODUCT_NAME = "$(TARGET_NAME)";
				SWIFT_VERSION = 4.2;
				TARGETED_DEVICE_FAMILY = "1,2";
			};
			name = Release;
		};
		F098FD7D2204958C00656B8F /* Debug */ = {
			isa = XCBuildConfiguration;
			buildSettings = {
				ALWAYS_EMBED_SWIFT_STANDARD_LIBRARIES = YES;
				BUNDLE_LOADER = "$(TEST_HOST)";
				CODE_SIGN_STYLE = Automatic;
				DEVELOPMENT_TEAM = 9QAMVT46U8;
				INFOPLIST_FILE = ContactsTests/Info.plist;
				LD_RUNPATH_SEARCH_PATHS = (
					"$(inherited)",
					"@executable_path/Frameworks",
					"@loader_path/Frameworks",
				);
				PRODUCT_BUNDLE_IDENTIFIER = Freemansion.ContactsTests;
				PRODUCT_NAME = "$(TARGET_NAME)";
				SWIFT_VERSION = 4.2;
				TARGETED_DEVICE_FAMILY = "1,2";
				TEST_HOST = "$(BUILT_PRODUCTS_DIR)/Contacts.app/Contacts";
			};
			name = Debug;
		};
		F098FD7E2204958C00656B8F /* Release */ = {
			isa = XCBuildConfiguration;
			buildSettings = {
				ALWAYS_EMBED_SWIFT_STANDARD_LIBRARIES = YES;
				BUNDLE_LOADER = "$(TEST_HOST)";
				CODE_SIGN_STYLE = Automatic;
				DEVELOPMENT_TEAM = 9QAMVT46U8;
				INFOPLIST_FILE = ContactsTests/Info.plist;
				LD_RUNPATH_SEARCH_PATHS = (
					"$(inherited)",
					"@executable_path/Frameworks",
					"@loader_path/Frameworks",
				);
				PRODUCT_BUNDLE_IDENTIFIER = Freemansion.ContactsTests;
				PRODUCT_NAME = "$(TARGET_NAME)";
				SWIFT_VERSION = 4.2;
				TARGETED_DEVICE_FAMILY = "1,2";
				TEST_HOST = "$(BUILT_PRODUCTS_DIR)/Contacts.app/Contacts";
			};
			name = Release;
		};
		F098FD802204958C00656B8F /* Debug */ = {
			isa = XCBuildConfiguration;
			buildSettings = {
				ALWAYS_EMBED_SWIFT_STANDARD_LIBRARIES = YES;
				CODE_SIGN_STYLE = Automatic;
				DEVELOPMENT_TEAM = 9QAMVT46U8;
				INFOPLIST_FILE = ContactsUITests/Info.plist;
				LD_RUNPATH_SEARCH_PATHS = (
					"$(inherited)",
					"@executable_path/Frameworks",
					"@loader_path/Frameworks",
				);
				PRODUCT_BUNDLE_IDENTIFIER = Freemansion.ContactsUITests;
				PRODUCT_NAME = "$(TARGET_NAME)";
				SWIFT_VERSION = 4.2;
				TARGETED_DEVICE_FAMILY = "1,2";
				TEST_TARGET_NAME = Contacts;
			};
			name = Debug;
		};
		F098FD812204958C00656B8F /* Release */ = {
			isa = XCBuildConfiguration;
			buildSettings = {
				ALWAYS_EMBED_SWIFT_STANDARD_LIBRARIES = YES;
				CODE_SIGN_STYLE = Automatic;
				DEVELOPMENT_TEAM = 9QAMVT46U8;
				INFOPLIST_FILE = ContactsUITests/Info.plist;
				LD_RUNPATH_SEARCH_PATHS = (
					"$(inherited)",
					"@executable_path/Frameworks",
					"@loader_path/Frameworks",
				);
				PRODUCT_BUNDLE_IDENTIFIER = Freemansion.ContactsUITests;
				PRODUCT_NAME = "$(TARGET_NAME)";
				SWIFT_VERSION = 4.2;
				TARGETED_DEVICE_FAMILY = "1,2";
				TEST_TARGET_NAME = Contacts;
			};
			name = Release;
		};
/* End XCBuildConfiguration section */

/* Begin XCConfigurationList section */
		F098FD4C2204958A00656B8F /* Build configuration list for PBXProject "Contacts" */ = {
			isa = XCConfigurationList;
			buildConfigurations = (
				F098FD772204958C00656B8F /* Debug */,
				F098FD782204958C00656B8F /* Release */,
			);
			defaultConfigurationIsVisible = 0;
			defaultConfigurationName = Release;
		};
		F098FD792204958C00656B8F /* Build configuration list for PBXNativeTarget "Contacts" */ = {
			isa = XCConfigurationList;
			buildConfigurations = (
				F098FD7A2204958C00656B8F /* Debug */,
				F098FD7B2204958C00656B8F /* Release */,
			);
			defaultConfigurationIsVisible = 0;
			defaultConfigurationName = Release;
		};
		F098FD7C2204958C00656B8F /* Build configuration list for PBXNativeTarget "ContactsTests" */ = {
			isa = XCConfigurationList;
			buildConfigurations = (
				F098FD7D2204958C00656B8F /* Debug */,
				F098FD7E2204958C00656B8F /* Release */,
			);
			defaultConfigurationIsVisible = 0;
			defaultConfigurationName = Release;
		};
		F098FD7F2204958C00656B8F /* Build configuration list for PBXNativeTarget "ContactsUITests" */ = {
			isa = XCConfigurationList;
			buildConfigurations = (
				F098FD802204958C00656B8F /* Debug */,
				F098FD812204958C00656B8F /* Release */,
			);
			defaultConfigurationIsVisible = 0;
			defaultConfigurationName = Release;
		};
/* End XCConfigurationList section */
	};
	rootObject = F098FD492204958A00656B8F /* Project object */;
}
