// !$*UTF8*$!
{
	archiveVersion = 1;
	classes = {
	};
	objectVersion = 50;
	objects = {

/* Begin PBXBuildFile section */
		6F7FE6E3347712F465FB66DF /* Pods_contacts_ios.framework in Frameworks */ = {isa = PBXBuildFile; fileRef = CC2B46BB651FAC9FD385204B /* Pods_contacts_ios.framework */; };
		717FD60948D8834CBEDA9C31 /* Pods_ContactsNetwork.framework in Frameworks */ = {isa = PBXBuildFile; fileRef = 61C556B5978A188A036A5C58 /* Pods_ContactsNetwork.framework */; };
		F01FCC1D2206EDE900C5B655 /* GradientView.swift in Sources */ = {isa = PBXBuildFile; fileRef = F01FCC1C2206EDE900C5B655 /* GradientView.swift */; };
		F01FCC1F2206F56500C5B655 /* UINavigationController+Extensions.swift in Sources */ = {isa = PBXBuildFile; fileRef = F01FCC1E2206F56500C5B655 /* UINavigationController+Extensions.swift */; };
		F098A00222058E6800E68C95 /* ContactsMainContactCell.swift in Sources */ = {isa = PBXBuildFile; fileRef = F098A00022058E6800E68C95 /* ContactsMainContactCell.swift */; };
		F098A00322058E6800E68C95 /* ContactsMainContactCell.xib in Resources */ = {isa = PBXBuildFile; fileRef = F098A00122058E6800E68C95 /* ContactsMainContactCell.xib */; };
		F098A006220591F300E68C95 /* ContactsMainLoadingCell.swift in Sources */ = {isa = PBXBuildFile; fileRef = F098A004220591F300E68C95 /* ContactsMainLoadingCell.swift */; };
		F098A007220591F300E68C95 /* ContactsMainLoadingCell.xib in Resources */ = {isa = PBXBuildFile; fileRef = F098A005220591F300E68C95 /* ContactsMainLoadingCell.xib */; };
		F098A0092205938500E68C95 /* ContactsMainLoadingCellViewModel.swift in Sources */ = {isa = PBXBuildFile; fileRef = F098A0082205938500E68C95 /* ContactsMainLoadingCellViewModel.swift */; };
		F098A00B220595F700E68C95 /* ContactsMainContactCellViewModel.swift in Sources */ = {isa = PBXBuildFile; fileRef = F098A00A220595F700E68C95 /* ContactsMainContactCellViewModel.swift */; };
		F098A00C2205A91D00E68C95 /* ContactModels.framework in Frameworks */ = {isa = PBXBuildFile; fileRef = F098FDA92204A7E400656B8F /* ContactModels.framework */; };
		F098A00D2205A91D00E68C95 /* ContactModels.framework in Embed Frameworks */ = {isa = PBXBuildFile; fileRef = F098FDA92204A7E400656B8F /* ContactModels.framework */; settings = {ATTRIBUTES = (CodeSignOnCopy, RemoveHeadersOnCopy, ); }; };
		F098A0112205AA0900E68C95 /* ImageLoader.swift in Sources */ = {isa = PBXBuildFile; fileRef = F098A0102205AA0900E68C95 /* ImageLoader.swift */; };
		F098FD552204958A00656B8F /* AppDelegate.swift in Sources */ = {isa = PBXBuildFile; fileRef = F098FD542204958A00656B8F /* AppDelegate.swift */; };
		F098FD5A2204958A00656B8F /* Main.storyboard in Resources */ = {isa = PBXBuildFile; fileRef = F098FD582204958A00656B8F /* Main.storyboard */; };
		F098FD5C2204958C00656B8F /* Assets.xcassets in Resources */ = {isa = PBXBuildFile; fileRef = F098FD5B2204958C00656B8F /* Assets.xcassets */; };
		F098FD5F2204958C00656B8F /* LaunchScreen.storyboard in Resources */ = {isa = PBXBuildFile; fileRef = F098FD5D2204958C00656B8F /* LaunchScreen.storyboard */; };
		F098FD6A2204958C00656B8F /* ContactsTests.swift in Sources */ = {isa = PBXBuildFile; fileRef = F098FD692204958C00656B8F /* ContactsTests.swift */; };
		F098FD752204958C00656B8F /* ContactsUITests.swift in Sources */ = {isa = PBXBuildFile; fileRef = F098FD742204958C00656B8F /* ContactsUITests.swift */; };
		F098FD832204961700656B8F /* ContactsMainViewController.swift in Sources */ = {isa = PBXBuildFile; fileRef = F098FD822204961700656B8F /* ContactsMainViewController.swift */; };
		F098FD8B22049B6D00656B8F /* R.generated.swift in Sources */ = {isa = PBXBuildFile; fileRef = F098FD8A22049B6D00656B8F /* R.generated.swift */; };
		F098FD8E22049D7900656B8F /* NetworkApiService.stencil in Resources */ = {isa = PBXBuildFile; fileRef = F098FD8D22049D7900656B8F /* NetworkApiService.stencil */; };
		F098FD9622049FF700656B8F /* AppConfig.swift in Sources */ = {isa = PBXBuildFile; fileRef = F098FD9522049FF700656B8F /* AppConfig.swift */; };
		F098FD982204A04500656B8F /* AppScreenManager.swift in Sources */ = {isa = PBXBuildFile; fileRef = F098FD972204A04500656B8F /* AppScreenManager.swift */; };
		F098FD9C2204A09300656B8F /* UIStoryboardIdentifiable.swift in Sources */ = {isa = PBXBuildFile; fileRef = F098FD9B2204A09300656B8F /* UIStoryboardIdentifiable.swift */; };
		F098FD9E2204A09F00656B8F /* UIStoryboard+Instantiate.swift in Sources */ = {isa = PBXBuildFile; fileRef = F098FD9D2204A09F00656B8F /* UIStoryboard+Instantiate.swift */; };
		F098FDA02204A0AE00656B8F /* Storyboard.swift in Sources */ = {isa = PBXBuildFile; fileRef = F098FD9F2204A0AE00656B8F /* Storyboard.swift */; };
		F098FDB22204A7E400656B8F /* ContactModels.framework in Frameworks */ = {isa = PBXBuildFile; fileRef = F098FDA92204A7E400656B8F /* ContactModels.framework */; };
		F098FDB72204A7E400656B8F /* ContactModelsTests.swift in Sources */ = {isa = PBXBuildFile; fileRef = F098FDB62204A7E400656B8F /* ContactModelsTests.swift */; };
		F098FDB92204A7E400656B8F /* ContactModels.h in Headers */ = {isa = PBXBuildFile; fileRef = F098FDAB2204A7E400656B8F /* ContactModels.h */; settings = {ATTRIBUTES = (Public, ); }; };
		F098FDC12204A9E800656B8F /* ContactsListPerson.swift in Sources */ = {isa = PBXBuildFile; fileRef = F098FDC02204A9E800656B8F /* ContactsListPerson.swift */; };
		F098FDC32204AF2200656B8F /* Person.swift in Sources */ = {isa = PBXBuildFile; fileRef = F098FDC22204AF2200656B8F /* Person.swift */; };
		F098FDD322053A7B00656B8F /* ContactsNetwork.framework in Frameworks */ = {isa = PBXBuildFile; fileRef = F098FDCA22053A7A00656B8F /* ContactsNetwork.framework */; };
		F098FDDA22053A7B00656B8F /* ContactsNetworkTests.swift in Sources */ = {isa = PBXBuildFile; fileRef = F098FDD922053A7B00656B8F /* ContactsNetworkTests.swift */; };
		F098FDDC22053A7B00656B8F /* ContactsNetwork.h in Headers */ = {isa = PBXBuildFile; fileRef = F098FDCC22053A7B00656B8F /* ContactsNetwork.h */; settings = {ATTRIBUTES = (Public, ); }; };
		F098FDDF22053A7B00656B8F /* ContactsNetwork.framework in Frameworks */ = {isa = PBXBuildFile; fileRef = F098FDCA22053A7A00656B8F /* ContactsNetwork.framework */; };
		F098FDE022053A7B00656B8F /* ContactsNetwork.framework in Embed Frameworks */ = {isa = PBXBuildFile; fileRef = F098FDCA22053A7A00656B8F /* ContactsNetwork.framework */; settings = {ATTRIBUTES = (CodeSignOnCopy, RemoveHeadersOnCopy, ); }; };
		F098FDE922053B1600656B8F /* DataProvider.swift in Sources */ = {isa = PBXBuildFile; fileRef = F098FDE822053B1600656B8F /* DataProvider.swift */; };
		F098FDEB22053B2700656B8F /* NetworkApiService.swift in Sources */ = {isa = PBXBuildFile; fileRef = F098FDEA22053B2700656B8F /* NetworkApiService.swift */; };
		F098FDED22053B3800656B8F /* ServerAPIError.swift in Sources */ = {isa = PBXBuildFile; fileRef = F098FDEC22053B3800656B8F /* ServerAPIError.swift */; };
		F098FDEF22053B4400656B8F /* RequestDataProvidable.swift in Sources */ = {isa = PBXBuildFile; fileRef = F098FDEE22053B4400656B8F /* RequestDataProvidable.swift */; };
		F098FDF122053BC200656B8F /* ModelMapper.swift in Sources */ = {isa = PBXBuildFile; fileRef = F098FDF022053BC200656B8F /* ModelMapper.swift */; };
		F098FDF522053CEB00656B8F /* NetworkLogger.swift in Sources */ = {isa = PBXBuildFile; fileRef = F098FDF422053CEB00656B8F /* NetworkLogger.swift */; };
		F098FDF722053D3C00656B8F /* FetchContactsRequest.swift in Sources */ = {isa = PBXBuildFile; fileRef = F098FDF622053D3C00656B8F /* FetchContactsRequest.swift */; };
		F098FDFA22053D8B00656B8F /* get_all_contacts_success.json in Resources */ = {isa = PBXBuildFile; fileRef = F098FDF922053D8B00656B8F /* get_all_contacts_success.json */; };
		F098FDFD2205414300656B8F /* NetworkApiService.generated.swift in Sources */ = {isa = PBXBuildFile; fileRef = F098FD9122049E5400656B8F /* NetworkApiService.generated.swift */; };
		F098FDFF22055E1A00656B8F /* UIColor+Extensions.swift in Sources */ = {isa = PBXBuildFile; fileRef = F098FDFE22055E1A00656B8F /* UIColor+Extensions.swift */; };
		F098FE082205663200656B8F /* SFUIText-Bold.ttf in Resources */ = {isa = PBXBuildFile; fileRef = F098FE042205663100656B8F /* SFUIText-Bold.ttf */; };
		F098FE092205663200656B8F /* SF-UI-Display-Regular.otf in Resources */ = {isa = PBXBuildFile; fileRef = F098FE052205663100656B8F /* SF-UI-Display-Regular.otf */; };
		F098FE0A2205663200656B8F /* SFUIText-Regular.ttf in Resources */ = {isa = PBXBuildFile; fileRef = F098FE062205663200656B8F /* SFUIText-Regular.ttf */; };
		F098FE0B2205663200656B8F /* SFUIText-Semibold.ttf in Resources */ = {isa = PBXBuildFile; fileRef = F098FE072205663200656B8F /* SFUIText-Semibold.ttf */; };
		F098FE0D22056F1000656B8F /* ContactsMainScreenViewModel.swift in Sources */ = {isa = PBXBuildFile; fileRef = F098FE0C22056F1000656B8F /* ContactsMainScreenViewModel.swift */; };
		F098FE0F2205713300656B8F /* RootCoordinator.swift in Sources */ = {isa = PBXBuildFile; fileRef = F098FE0E2205713300656B8F /* RootCoordinator.swift */; };
		F098FE11220578AA00656B8F /* NetworkDataProvider.swift in Sources */ = {isa = PBXBuildFile; fileRef = F098FE10220578AA00656B8F /* NetworkDataProvider.swift */; };
		F098FE1322057A5200656B8F /* NetworkDataProvider+PromiseKit.swift in Sources */ = {isa = PBXBuildFile; fileRef = F098FE1222057A5200656B8F /* NetworkDataProvider+PromiseKit.swift */; };
		F098FE1522057DBD00656B8F /* AppDependencies.swift in Sources */ = {isa = PBXBuildFile; fileRef = F098FE1422057DBD00656B8F /* AppDependencies.swift */; };
		F098FE172205806200656B8F /* Promises.swift in Sources */ = {isa = PBXBuildFile; fileRef = F098FE162205806200656B8F /* Promises.swift */; };
		F098FE192205834A00656B8F /* ErrorAlertPresentable.swift in Sources */ = {isa = PBXBuildFile; fileRef = F098FE182205834A00656B8F /* ErrorAlertPresentable.swift */; };
		F098FE1C220583D700656B8F /* Localizable.strings in Resources */ = {isa = PBXBuildFile; fileRef = F098FE1E220583D700656B8F /* Localizable.strings */; };
		F0EE71872205BD5C000809C6 /* ContactsMainHeaderView.swift in Sources */ = {isa = PBXBuildFile; fileRef = F0EE71862205BD5C000809C6 /* ContactsMainHeaderView.swift */; };
		F0EE71892205BD65000809C6 /* ContactsMainHeaderView.xib in Resources */ = {isa = PBXBuildFile; fileRef = F0EE71882205BD65000809C6 /* ContactsMainHeaderView.xib */; };
		F0EE718B2205D3BD000809C6 /* ContactViewController.swift in Sources */ = {isa = PBXBuildFile; fileRef = F0EE718A2205D3BD000809C6 /* ContactViewController.swift */; };
		F0EE718D2205DF4F000809C6 /* ContactScreenViewModel.swift in Sources */ = {isa = PBXBuildFile; fileRef = F0EE718C2205DF4F000809C6 /* ContactScreenViewModel.swift */; };
		F0EE718F22069BCD000809C6 /* UIBarButtonItem+Extensions.swift in Sources */ = {isa = PBXBuildFile; fileRef = F0EE718E22069BCD000809C6 /* UIBarButtonItem+Extensions.swift */; };
		F0EE719422069FAD000809C6 /* ContactProfilePreviewCell.swift in Sources */ = {isa = PBXBuildFile; fileRef = F0EE719222069FAD000809C6 /* ContactProfilePreviewCell.swift */; };
		F0EE719522069FAD000809C6 /* ContactProfilePreviewCell.xib in Resources */ = {isa = PBXBuildFile; fileRef = F0EE719322069FAD000809C6 /* ContactProfilePreviewCell.xib */; };
		F0EE71982206A003000809C6 /* ContactFieldCell.swift in Sources */ = {isa = PBXBuildFile; fileRef = F0EE71962206A003000809C6 /* ContactFieldCell.swift */; };
		F0EE71992206A003000809C6 /* ContactFieldCell.xib in Resources */ = {isa = PBXBuildFile; fileRef = F0EE71972206A003000809C6 /* ContactFieldCell.xib */; };
		F0EE71A02206A09A000809C6 /* ContactActionCell.swift in Sources */ = {isa = PBXBuildFile; fileRef = F0EE719E2206A09A000809C6 /* ContactActionCell.swift */; };
		F0EE71A12206A09A000809C6 /* ContactActionCell.xib in Resources */ = {isa = PBXBuildFile; fileRef = F0EE719F2206A09A000809C6 /* ContactActionCell.xib */; };
		F0EE71A32206A0D1000809C6 /* ContactProfilePreviewCellViewModel.swift in Sources */ = {isa = PBXBuildFile; fileRef = F0EE71A22206A0D1000809C6 /* ContactProfilePreviewCellViewModel.swift */; };
		F0EE71A52206A0EB000809C6 /* ContactFieldCellViewModel.swift in Sources */ = {isa = PBXBuildFile; fileRef = F0EE71A42206A0EB000809C6 /* ContactFieldCellViewModel.swift */; };
		F0EE71A92206A117000809C6 /* ContactActionCellViewModel.swift in Sources */ = {isa = PBXBuildFile; fileRef = F0EE71A82206A117000809C6 /* ContactActionCellViewModel.swift */; };
		F0EE71AB2206B8DD000809C6 /* FetchContactRequest.swift in Sources */ = {isa = PBXBuildFile; fileRef = F0EE71AA2206B8DD000809C6 /* FetchContactRequest.swift */; };
		F0EE71AD2206B943000809C6 /* fetch_contact_success.json in Resources */ = {isa = PBXBuildFile; fileRef = F0EE71AC2206B943000809C6 /* fetch_contact_success.json */; };
		F0EE71B02206BC65000809C6 /* ContactLoadingCell.swift in Sources */ = {isa = PBXBuildFile; fileRef = F0EE71AE2206BC65000809C6 /* ContactLoadingCell.swift */; };
		F0EE71B12206BC65000809C6 /* ContactLoadingCell.xib in Resources */ = {isa = PBXBuildFile; fileRef = F0EE71AF2206BC65000809C6 /* ContactLoadingCell.xib */; };
		F0EE71B32206BD53000809C6 /* ContactLoadingCellViewModel.swift in Sources */ = {isa = PBXBuildFile; fileRef = F0EE71B22206BD53000809C6 /* ContactLoadingCellViewModel.swift */; };
		F0EE71B52206CDE3000809C6 /* GenericReusableCell.swift in Sources */ = {isa = PBXBuildFile; fileRef = F0EE71B42206CDE3000809C6 /* GenericReusableCell.swift */; };
		F0EE71B82206CE3B000809C6 /* GenericCollectionViewCell.swift in Sources */ = {isa = PBXBuildFile; fileRef = F0EE71B62206CE3B000809C6 /* GenericCollectionViewCell.swift */; };
		F0EE71B92206CE3B000809C6 /* GenericCollectionViewCell.xib in Resources */ = {isa = PBXBuildFile; fileRef = F0EE71B72206CE3B000809C6 /* GenericCollectionViewCell.xib */; };
		F0EE71BB2206D299000809C6 /* UIAlertController+Extensions.swift in Sources */ = {isa = PBXBuildFile; fileRef = F0EE71BA2206D299000809C6 /* UIAlertController+Extensions.swift */; };
		F0EE71BD2206D567000809C6 /* ConfirmationAlertPresentable.swift in Sources */ = {isa = PBXBuildFile; fileRef = F0EE71BC2206D567000809C6 /* ConfirmationAlertPresentable.swift */; };
		F0EE71BF2206D752000809C6 /* DeleteContactRequest.swift in Sources */ = {isa = PBXBuildFile; fileRef = F0EE71BE2206D752000809C6 /* DeleteContactRequest.swift */; };
		F0EE71C12206D7B9000809C6 /* delete_contact_success.json in Resources */ = {isa = PBXBuildFile; fileRef = F0EE71C02206D7B9000809C6 /* delete_contact_success.json */; };
		F0EE71C32206E511000809C6 /* UIView+Extensions.swift in Sources */ = {isa = PBXBuildFile; fileRef = F0EE71C22206E511000809C6 /* UIView+Extensions.swift */; };
/* End PBXBuildFile section */

/* Begin PBXContainerItemProxy section */
		F098A00E2205A91D00E68C95 /* PBXContainerItemProxy */ = {
			isa = PBXContainerItemProxy;
			containerPortal = F098FD492204958A00656B8F /* Project object */;
			proxyType = 1;
			remoteGlobalIDString = F098FDA82204A7E400656B8F;
			remoteInfo = ContactModels;
		};
		F098FD662204958C00656B8F /* PBXContainerItemProxy */ = {
			isa = PBXContainerItemProxy;
			containerPortal = F098FD492204958A00656B8F /* Project object */;
			proxyType = 1;
			remoteGlobalIDString = F098FD502204958A00656B8F;
			remoteInfo = Contacts;
		};
		F098FD712204958C00656B8F /* PBXContainerItemProxy */ = {
			isa = PBXContainerItemProxy;
			containerPortal = F098FD492204958A00656B8F /* Project object */;
			proxyType = 1;
			remoteGlobalIDString = F098FD502204958A00656B8F;
			remoteInfo = Contacts;
		};
		F098FDB32204A7E400656B8F /* PBXContainerItemProxy */ = {
			isa = PBXContainerItemProxy;
			containerPortal = F098FD492204958A00656B8F /* Project object */;
			proxyType = 1;
			remoteGlobalIDString = F098FDA82204A7E400656B8F;
			remoteInfo = ContactModels;
		};
		F098FDD422053A7B00656B8F /* PBXContainerItemProxy */ = {
			isa = PBXContainerItemProxy;
			containerPortal = F098FD492204958A00656B8F /* Project object */;
			proxyType = 1;
			remoteGlobalIDString = F098FDC922053A7A00656B8F;
			remoteInfo = ContactsNetwork;
		};
		F098FDD622053A7B00656B8F /* PBXContainerItemProxy */ = {
			isa = PBXContainerItemProxy;
			containerPortal = F098FD492204958A00656B8F /* Project object */;
			proxyType = 1;
			remoteGlobalIDString = F098FD502204958A00656B8F;
			remoteInfo = "contacts-ios";
		};
		F098FDDD22053A7B00656B8F /* PBXContainerItemProxy */ = {
			isa = PBXContainerItemProxy;
			containerPortal = F098FD492204958A00656B8F /* Project object */;
			proxyType = 1;
			remoteGlobalIDString = F098FDC922053A7A00656B8F;
			remoteInfo = ContactsNetwork;
		};
/* End PBXContainerItemProxy section */

/* Begin PBXCopyFilesBuildPhase section */
		F098FDE622053A7B00656B8F /* Embed Frameworks */ = {
			isa = PBXCopyFilesBuildPhase;
			buildActionMask = 2147483647;
			dstPath = "";
			dstSubfolderSpec = 10;
			files = (
				F098FDE022053A7B00656B8F /* ContactsNetwork.framework in Embed Frameworks */,
				F098A00D2205A91D00E68C95 /* ContactModels.framework in Embed Frameworks */,
			);
			name = "Embed Frameworks";
			runOnlyForDeploymentPostprocessing = 0;
		};
/* End PBXCopyFilesBuildPhase section */

/* Begin PBXFileReference section */
		5768E94048357DEFC34474AD /* Pods-ContactsNetwork.release.xcconfig */ = {isa = PBXFileReference; includeInIndex = 1; lastKnownFileType = text.xcconfig; name = "Pods-ContactsNetwork.release.xcconfig"; path = "Pods/Target Support Files/Pods-ContactsNetwork/Pods-ContactsNetwork.release.xcconfig"; sourceTree = "<group>"; };
		61C556B5978A188A036A5C58 /* Pods_ContactsNetwork.framework */ = {isa = PBXFileReference; explicitFileType = wrapper.framework; includeInIndex = 0; path = Pods_ContactsNetwork.framework; sourceTree = BUILT_PRODUCTS_DIR; };
		9CB087626DF7D2A5245B583C /* Pods-contacts-ios.debug.xcconfig */ = {isa = PBXFileReference; includeInIndex = 1; lastKnownFileType = text.xcconfig; name = "Pods-contacts-ios.debug.xcconfig"; path = "Pods/Target Support Files/Pods-contacts-ios/Pods-contacts-ios.debug.xcconfig"; sourceTree = "<group>"; };
		B43456E1CCD0BAA8E69E5FFC /* Pods-contacts-ios.release.xcconfig */ = {isa = PBXFileReference; includeInIndex = 1; lastKnownFileType = text.xcconfig; name = "Pods-contacts-ios.release.xcconfig"; path = "Pods/Target Support Files/Pods-contacts-ios/Pods-contacts-ios.release.xcconfig"; sourceTree = "<group>"; };
		CC2B46BB651FAC9FD385204B /* Pods_contacts_ios.framework */ = {isa = PBXFileReference; explicitFileType = wrapper.framework; includeInIndex = 0; path = Pods_contacts_ios.framework; sourceTree = BUILT_PRODUCTS_DIR; };
		D5305A0234C921A5D1285E78 /* Pods-ContactsNetwork.debug.xcconfig */ = {isa = PBXFileReference; includeInIndex = 1; lastKnownFileType = text.xcconfig; name = "Pods-ContactsNetwork.debug.xcconfig"; path = "Pods/Target Support Files/Pods-ContactsNetwork/Pods-ContactsNetwork.debug.xcconfig"; sourceTree = "<group>"; };
		F01FCC1C2206EDE900C5B655 /* GradientView.swift */ = {isa = PBXFileReference; lastKnownFileType = sourcecode.swift; path = GradientView.swift; sourceTree = "<group>"; };
		F01FCC1E2206F56500C5B655 /* UINavigationController+Extensions.swift */ = {isa = PBXFileReference; lastKnownFileType = sourcecode.swift; path = "UINavigationController+Extensions.swift"; sourceTree = "<group>"; };
		F098A00022058E6800E68C95 /* ContactsMainContactCell.swift */ = {isa = PBXFileReference; lastKnownFileType = sourcecode.swift; path = ContactsMainContactCell.swift; sourceTree = "<group>"; };
		F098A00122058E6800E68C95 /* ContactsMainContactCell.xib */ = {isa = PBXFileReference; lastKnownFileType = file.xib; path = ContactsMainContactCell.xib; sourceTree = "<group>"; };
		F098A004220591F300E68C95 /* ContactsMainLoadingCell.swift */ = {isa = PBXFileReference; lastKnownFileType = sourcecode.swift; path = ContactsMainLoadingCell.swift; sourceTree = "<group>"; };
		F098A005220591F300E68C95 /* ContactsMainLoadingCell.xib */ = {isa = PBXFileReference; lastKnownFileType = file.xib; path = ContactsMainLoadingCell.xib; sourceTree = "<group>"; };
		F098A0082205938500E68C95 /* ContactsMainLoadingCellViewModel.swift */ = {isa = PBXFileReference; lastKnownFileType = sourcecode.swift; path = ContactsMainLoadingCellViewModel.swift; sourceTree = "<group>"; };
		F098A00A220595F700E68C95 /* ContactsMainContactCellViewModel.swift */ = {isa = PBXFileReference; lastKnownFileType = sourcecode.swift; path = ContactsMainContactCellViewModel.swift; sourceTree = "<group>"; };
		F098A0102205AA0900E68C95 /* ImageLoader.swift */ = {isa = PBXFileReference; lastKnownFileType = sourcecode.swift; path = ImageLoader.swift; sourceTree = "<group>"; };
		F098FD512204958A00656B8F /* Contacts.app */ = {isa = PBXFileReference; explicitFileType = wrapper.application; includeInIndex = 0; path = Contacts.app; sourceTree = BUILT_PRODUCTS_DIR; };
		F098FD542204958A00656B8F /* AppDelegate.swift */ = {isa = PBXFileReference; lastKnownFileType = sourcecode.swift; path = AppDelegate.swift; sourceTree = "<group>"; };
		F098FD592204958A00656B8F /* Base */ = {isa = PBXFileReference; lastKnownFileType = file.storyboard; name = Base; path = Base.lproj/Main.storyboard; sourceTree = "<group>"; };
		F098FD5B2204958C00656B8F /* Assets.xcassets */ = {isa = PBXFileReference; lastKnownFileType = folder.assetcatalog; path = Assets.xcassets; sourceTree = "<group>"; };
		F098FD5E2204958C00656B8F /* Base */ = {isa = PBXFileReference; lastKnownFileType = file.storyboard; name = Base; path = Base.lproj/LaunchScreen.storyboard; sourceTree = "<group>"; };
		F098FD602204958C00656B8F /* Info.plist */ = {isa = PBXFileReference; lastKnownFileType = text.plist.xml; path = Info.plist; sourceTree = "<group>"; };
		F098FD652204958C00656B8F /* ContactsTests.xctest */ = {isa = PBXFileReference; explicitFileType = wrapper.cfbundle; includeInIndex = 0; path = ContactsTests.xctest; sourceTree = BUILT_PRODUCTS_DIR; };
		F098FD692204958C00656B8F /* ContactsTests.swift */ = {isa = PBXFileReference; lastKnownFileType = sourcecode.swift; path = ContactsTests.swift; sourceTree = "<group>"; };
		F098FD6B2204958C00656B8F /* Info.plist */ = {isa = PBXFileReference; lastKnownFileType = text.plist.xml; path = Info.plist; sourceTree = "<group>"; };
		F098FD702204958C00656B8F /* ContactsUITests.xctest */ = {isa = PBXFileReference; explicitFileType = wrapper.cfbundle; includeInIndex = 0; path = ContactsUITests.xctest; sourceTree = BUILT_PRODUCTS_DIR; };
		F098FD742204958C00656B8F /* ContactsUITests.swift */ = {isa = PBXFileReference; lastKnownFileType = sourcecode.swift; path = ContactsUITests.swift; sourceTree = "<group>"; };
		F098FD762204958C00656B8F /* Info.plist */ = {isa = PBXFileReference; lastKnownFileType = text.plist.xml; path = Info.plist; sourceTree = "<group>"; };
		F098FD822204961700656B8F /* ContactsMainViewController.swift */ = {isa = PBXFileReference; fileEncoding = 4; lastKnownFileType = sourcecode.swift; path = ContactsMainViewController.swift; sourceTree = "<group>"; };
		F098FD8A22049B6D00656B8F /* R.generated.swift */ = {isa = PBXFileReference; fileEncoding = 4; lastKnownFileType = sourcecode.swift; path = R.generated.swift; sourceTree = "<group>"; };
		F098FD8D22049D7900656B8F /* NetworkApiService.stencil */ = {isa = PBXFileReference; fileEncoding = 4; lastKnownFileType = text; path = NetworkApiService.stencil; sourceTree = "<group>"; };
		F098FD9122049E5400656B8F /* NetworkApiService.generated.swift */ = {isa = PBXFileReference; fileEncoding = 4; lastKnownFileType = sourcecode.swift; path = NetworkApiService.generated.swift; sourceTree = "<group>"; };
		F098FD9522049FF700656B8F /* AppConfig.swift */ = {isa = PBXFileReference; lastKnownFileType = sourcecode.swift; path = AppConfig.swift; sourceTree = "<group>"; };
		F098FD972204A04500656B8F /* AppScreenManager.swift */ = {isa = PBXFileReference; lastKnownFileType = sourcecode.swift; path = AppScreenManager.swift; sourceTree = "<group>"; };
		F098FD9B2204A09300656B8F /* UIStoryboardIdentifiable.swift */ = {isa = PBXFileReference; lastKnownFileType = sourcecode.swift; path = UIStoryboardIdentifiable.swift; sourceTree = "<group>"; };
		F098FD9D2204A09F00656B8F /* UIStoryboard+Instantiate.swift */ = {isa = PBXFileReference; lastKnownFileType = sourcecode.swift; path = "UIStoryboard+Instantiate.swift"; sourceTree = "<group>"; };
		F098FD9F2204A0AE00656B8F /* Storyboard.swift */ = {isa = PBXFileReference; lastKnownFileType = sourcecode.swift; path = Storyboard.swift; sourceTree = "<group>"; };
		F098FDA92204A7E400656B8F /* ContactModels.framework */ = {isa = PBXFileReference; explicitFileType = wrapper.framework; includeInIndex = 0; path = ContactModels.framework; sourceTree = BUILT_PRODUCTS_DIR; };
		F098FDAB2204A7E400656B8F /* ContactModels.h */ = {isa = PBXFileReference; lastKnownFileType = sourcecode.c.h; path = ContactModels.h; sourceTree = "<group>"; };
		F098FDAC2204A7E400656B8F /* Info.plist */ = {isa = PBXFileReference; lastKnownFileType = text.plist.xml; path = Info.plist; sourceTree = "<group>"; };
		F098FDB12204A7E400656B8F /* ContactModelsTests.xctest */ = {isa = PBXFileReference; explicitFileType = wrapper.cfbundle; includeInIndex = 0; path = ContactModelsTests.xctest; sourceTree = BUILT_PRODUCTS_DIR; };
		F098FDB62204A7E400656B8F /* ContactModelsTests.swift */ = {isa = PBXFileReference; lastKnownFileType = sourcecode.swift; path = ContactModelsTests.swift; sourceTree = "<group>"; };
		F098FDB82204A7E400656B8F /* Info.plist */ = {isa = PBXFileReference; lastKnownFileType = text.plist.xml; path = Info.plist; sourceTree = "<group>"; };
		F098FDC02204A9E800656B8F /* ContactsListPerson.swift */ = {isa = PBXFileReference; lastKnownFileType = sourcecode.swift; path = ContactsListPerson.swift; sourceTree = "<group>"; };
		F098FDC22204AF2200656B8F /* Person.swift */ = {isa = PBXFileReference; lastKnownFileType = sourcecode.swift; path = Person.swift; sourceTree = "<group>"; };
		F098FDCA22053A7A00656B8F /* ContactsNetwork.framework */ = {isa = PBXFileReference; explicitFileType = wrapper.framework; includeInIndex = 0; path = ContactsNetwork.framework; sourceTree = BUILT_PRODUCTS_DIR; };
		F098FDCC22053A7B00656B8F /* ContactsNetwork.h */ = {isa = PBXFileReference; lastKnownFileType = sourcecode.c.h; path = ContactsNetwork.h; sourceTree = "<group>"; };
		F098FDCD22053A7B00656B8F /* Info.plist */ = {isa = PBXFileReference; lastKnownFileType = text.plist.xml; path = Info.plist; sourceTree = "<group>"; };
		F098FDD222053A7B00656B8F /* ContactsNetworkTests.xctest */ = {isa = PBXFileReference; explicitFileType = wrapper.cfbundle; includeInIndex = 0; path = ContactsNetworkTests.xctest; sourceTree = BUILT_PRODUCTS_DIR; };
		F098FDD922053A7B00656B8F /* ContactsNetworkTests.swift */ = {isa = PBXFileReference; lastKnownFileType = sourcecode.swift; path = ContactsNetworkTests.swift; sourceTree = "<group>"; };
		F098FDDB22053A7B00656B8F /* Info.plist */ = {isa = PBXFileReference; lastKnownFileType = text.plist.xml; path = Info.plist; sourceTree = "<group>"; };
		F098FDE822053B1600656B8F /* DataProvider.swift */ = {isa = PBXFileReference; lastKnownFileType = sourcecode.swift; path = DataProvider.swift; sourceTree = "<group>"; };
		F098FDEA22053B2700656B8F /* NetworkApiService.swift */ = {isa = PBXFileReference; lastKnownFileType = sourcecode.swift; path = NetworkApiService.swift; sourceTree = "<group>"; };
		F098FDEC22053B3800656B8F /* ServerAPIError.swift */ = {isa = PBXFileReference; lastKnownFileType = sourcecode.swift; path = ServerAPIError.swift; sourceTree = "<group>"; };
		F098FDEE22053B4400656B8F /* RequestDataProvidable.swift */ = {isa = PBXFileReference; lastKnownFileType = sourcecode.swift; path = RequestDataProvidable.swift; sourceTree = "<group>"; };
		F098FDF022053BC200656B8F /* ModelMapper.swift */ = {isa = PBXFileReference; lastKnownFileType = sourcecode.swift; path = ModelMapper.swift; sourceTree = "<group>"; };
		F098FDF422053CEB00656B8F /* NetworkLogger.swift */ = {isa = PBXFileReference; lastKnownFileType = sourcecode.swift; path = NetworkLogger.swift; sourceTree = "<group>"; };
		F098FDF622053D3C00656B8F /* FetchContactsRequest.swift */ = {isa = PBXFileReference; lastKnownFileType = sourcecode.swift; path = FetchContactsRequest.swift; sourceTree = "<group>"; };
		F098FDF922053D8B00656B8F /* get_all_contacts_success.json */ = {isa = PBXFileReference; lastKnownFileType = text.json; path = get_all_contacts_success.json; sourceTree = "<group>"; };
		F098FDFE22055E1A00656B8F /* UIColor+Extensions.swift */ = {isa = PBXFileReference; lastKnownFileType = sourcecode.swift; path = "UIColor+Extensions.swift"; sourceTree = "<group>"; };
		F098FE042205663100656B8F /* SFUIText-Bold.ttf */ = {isa = PBXFileReference; lastKnownFileType = file; path = "SFUIText-Bold.ttf"; sourceTree = "<group>"; };
		F098FE052205663100656B8F /* SF-UI-Display-Regular.otf */ = {isa = PBXFileReference; lastKnownFileType = file; path = "SF-UI-Display-Regular.otf"; sourceTree = "<group>"; };
		F098FE062205663200656B8F /* SFUIText-Regular.ttf */ = {isa = PBXFileReference; lastKnownFileType = file; path = "SFUIText-Regular.ttf"; sourceTree = "<group>"; };
		F098FE072205663200656B8F /* SFUIText-Semibold.ttf */ = {isa = PBXFileReference; lastKnownFileType = file; path = "SFUIText-Semibold.ttf"; sourceTree = "<group>"; };
		F098FE0C22056F1000656B8F /* ContactsMainScreenViewModel.swift */ = {isa = PBXFileReference; lastKnownFileType = sourcecode.swift; path = ContactsMainScreenViewModel.swift; sourceTree = "<group>"; };
		F098FE0E2205713300656B8F /* RootCoordinator.swift */ = {isa = PBXFileReference; lastKnownFileType = sourcecode.swift; path = RootCoordinator.swift; sourceTree = "<group>"; };
		F098FE10220578AA00656B8F /* NetworkDataProvider.swift */ = {isa = PBXFileReference; lastKnownFileType = sourcecode.swift; path = NetworkDataProvider.swift; sourceTree = "<group>"; };
		F098FE1222057A5200656B8F /* NetworkDataProvider+PromiseKit.swift */ = {isa = PBXFileReference; lastKnownFileType = sourcecode.swift; path = "NetworkDataProvider+PromiseKit.swift"; sourceTree = "<group>"; };
		F098FE1422057DBD00656B8F /* AppDependencies.swift */ = {isa = PBXFileReference; lastKnownFileType = sourcecode.swift; path = AppDependencies.swift; sourceTree = "<group>"; };
		F098FE162205806200656B8F /* Promises.swift */ = {isa = PBXFileReference; lastKnownFileType = sourcecode.swift; path = Promises.swift; sourceTree = "<group>"; };
		F098FE182205834A00656B8F /* ErrorAlertPresentable.swift */ = {isa = PBXFileReference; lastKnownFileType = sourcecode.swift; path = ErrorAlertPresentable.swift; sourceTree = "<group>"; };
		F098FE1D220583D700656B8F /* en */ = {isa = PBXFileReference; lastKnownFileType = text.plist.strings; name = en; path = en.lproj/Localizable.strings; sourceTree = "<group>"; };
		F0EE71862205BD5C000809C6 /* ContactsMainHeaderView.swift */ = {isa = PBXFileReference; lastKnownFileType = sourcecode.swift; path = ContactsMainHeaderView.swift; sourceTree = "<group>"; };
		F0EE71882205BD65000809C6 /* ContactsMainHeaderView.xib */ = {isa = PBXFileReference; lastKnownFileType = file.xib; path = ContactsMainHeaderView.xib; sourceTree = "<group>"; };
		F0EE718A2205D3BD000809C6 /* ContactViewController.swift */ = {isa = PBXFileReference; lastKnownFileType = sourcecode.swift; path = ContactViewController.swift; sourceTree = "<group>"; };
		F0EE718C2205DF4F000809C6 /* ContactScreenViewModel.swift */ = {isa = PBXFileReference; lastKnownFileType = sourcecode.swift; path = ContactScreenViewModel.swift; sourceTree = "<group>"; };
		F0EE718E22069BCD000809C6 /* UIBarButtonItem+Extensions.swift */ = {isa = PBXFileReference; lastKnownFileType = sourcecode.swift; path = "UIBarButtonItem+Extensions.swift"; sourceTree = "<group>"; };
		F0EE719222069FAD000809C6 /* ContactProfilePreviewCell.swift */ = {isa = PBXFileReference; lastKnownFileType = sourcecode.swift; path = ContactProfilePreviewCell.swift; sourceTree = "<group>"; };
		F0EE719322069FAD000809C6 /* ContactProfilePreviewCell.xib */ = {isa = PBXFileReference; lastKnownFileType = file.xib; path = ContactProfilePreviewCell.xib; sourceTree = "<group>"; };
		F0EE71962206A003000809C6 /* ContactFieldCell.swift */ = {isa = PBXFileReference; lastKnownFileType = sourcecode.swift; path = ContactFieldCell.swift; sourceTree = "<group>"; };
		F0EE71972206A003000809C6 /* ContactFieldCell.xib */ = {isa = PBXFileReference; lastKnownFileType = file.xib; path = ContactFieldCell.xib; sourceTree = "<group>"; };
		F0EE719E2206A09A000809C6 /* ContactActionCell.swift */ = {isa = PBXFileReference; lastKnownFileType = sourcecode.swift; path = ContactActionCell.swift; sourceTree = "<group>"; };
		F0EE719F2206A09A000809C6 /* ContactActionCell.xib */ = {isa = PBXFileReference; lastKnownFileType = file.xib; path = ContactActionCell.xib; sourceTree = "<group>"; };
		F0EE71A22206A0D1000809C6 /* ContactProfilePreviewCellViewModel.swift */ = {isa = PBXFileReference; lastKnownFileType = sourcecode.swift; path = ContactProfilePreviewCellViewModel.swift; sourceTree = "<group>"; };
		F0EE71A42206A0EB000809C6 /* ContactFieldCellViewModel.swift */ = {isa = PBXFileReference; lastKnownFileType = sourcecode.swift; path = ContactFieldCellViewModel.swift; sourceTree = "<group>"; };
		F0EE71A82206A117000809C6 /* ContactActionCellViewModel.swift */ = {isa = PBXFileReference; lastKnownFileType = sourcecode.swift; path = ContactActionCellViewModel.swift; sourceTree = "<group>"; };
		F0EE71AA2206B8DD000809C6 /* FetchContactRequest.swift */ = {isa = PBXFileReference; lastKnownFileType = sourcecode.swift; path = FetchContactRequest.swift; sourceTree = "<group>"; };
		F0EE71AC2206B943000809C6 /* fetch_contact_success.json */ = {isa = PBXFileReference; fileEncoding = 4; lastKnownFileType = text.json; path = fetch_contact_success.json; sourceTree = "<group>"; };
		F0EE71AE2206BC65000809C6 /* ContactLoadingCell.swift */ = {isa = PBXFileReference; lastKnownFileType = sourcecode.swift; path = ContactLoadingCell.swift; sourceTree = "<group>"; };
		F0EE71AF2206BC65000809C6 /* ContactLoadingCell.xib */ = {isa = PBXFileReference; lastKnownFileType = file.xib; path = ContactLoadingCell.xib; sourceTree = "<group>"; };
		F0EE71B22206BD53000809C6 /* ContactLoadingCellViewModel.swift */ = {isa = PBXFileReference; lastKnownFileType = sourcecode.swift; path = ContactLoadingCellViewModel.swift; sourceTree = "<group>"; };
		F0EE71B42206CDE3000809C6 /* GenericReusableCell.swift */ = {isa = PBXFileReference; lastKnownFileType = sourcecode.swift; path = GenericReusableCell.swift; sourceTree = "<group>"; };
		F0EE71B62206CE3B000809C6 /* GenericCollectionViewCell.swift */ = {isa = PBXFileReference; lastKnownFileType = sourcecode.swift; path = GenericCollectionViewCell.swift; sourceTree = "<group>"; };
		F0EE71B72206CE3B000809C6 /* GenericCollectionViewCell.xib */ = {isa = PBXFileReference; lastKnownFileType = file.xib; path = GenericCollectionViewCell.xib; sourceTree = "<group>"; };
		F0EE71BA2206D299000809C6 /* UIAlertController+Extensions.swift */ = {isa = PBXFileReference; lastKnownFileType = sourcecode.swift; path = "UIAlertController+Extensions.swift"; sourceTree = "<group>"; };
		F0EE71BC2206D567000809C6 /* ConfirmationAlertPresentable.swift */ = {isa = PBXFileReference; lastKnownFileType = sourcecode.swift; path = ConfirmationAlertPresentable.swift; sourceTree = "<group>"; };
		F0EE71BE2206D752000809C6 /* DeleteContactRequest.swift */ = {isa = PBXFileReference; lastKnownFileType = sourcecode.swift; path = DeleteContactRequest.swift; sourceTree = "<group>"; };
		F0EE71C02206D7B9000809C6 /* delete_contact_success.json */ = {isa = PBXFileReference; fileEncoding = 4; lastKnownFileType = text.json; path = delete_contact_success.json; sourceTree = "<group>"; };
		F0EE71C22206E511000809C6 /* UIView+Extensions.swift */ = {isa = PBXFileReference; lastKnownFileType = sourcecode.swift; path = "UIView+Extensions.swift"; sourceTree = "<group>"; };
/* End PBXFileReference section */

/* Begin PBXFrameworksBuildPhase section */
		F098FD4E2204958A00656B8F /* Frameworks */ = {
			isa = PBXFrameworksBuildPhase;
			buildActionMask = 2147483647;
			files = (
				F098FDDF22053A7B00656B8F /* ContactsNetwork.framework in Frameworks */,
				F098A00C2205A91D00E68C95 /* ContactModels.framework in Frameworks */,
				6F7FE6E3347712F465FB66DF /* Pods_contacts_ios.framework in Frameworks */,
			);
			runOnlyForDeploymentPostprocessing = 0;
		};
		F098FD622204958C00656B8F /* Frameworks */ = {
			isa = PBXFrameworksBuildPhase;
			buildActionMask = 2147483647;
			files = (
			);
			runOnlyForDeploymentPostprocessing = 0;
		};
		F098FD6D2204958C00656B8F /* Frameworks */ = {
			isa = PBXFrameworksBuildPhase;
			buildActionMask = 2147483647;
			files = (
			);
			runOnlyForDeploymentPostprocessing = 0;
		};
		F098FDA62204A7E400656B8F /* Frameworks */ = {
			isa = PBXFrameworksBuildPhase;
			buildActionMask = 2147483647;
			files = (
			);
			runOnlyForDeploymentPostprocessing = 0;
		};
		F098FDAE2204A7E400656B8F /* Frameworks */ = {
			isa = PBXFrameworksBuildPhase;
			buildActionMask = 2147483647;
			files = (
				F098FDB22204A7E400656B8F /* ContactModels.framework in Frameworks */,
			);
			runOnlyForDeploymentPostprocessing = 0;
		};
		F098FDC722053A7A00656B8F /* Frameworks */ = {
			isa = PBXFrameworksBuildPhase;
			buildActionMask = 2147483647;
			files = (
				717FD60948D8834CBEDA9C31 /* Pods_ContactsNetwork.framework in Frameworks */,
			);
			runOnlyForDeploymentPostprocessing = 0;
		};
		F098FDCF22053A7B00656B8F /* Frameworks */ = {
			isa = PBXFrameworksBuildPhase;
			buildActionMask = 2147483647;
			files = (
				F098FDD322053A7B00656B8F /* ContactsNetwork.framework in Frameworks */,
			);
			runOnlyForDeploymentPostprocessing = 0;
		};
/* End PBXFrameworksBuildPhase section */

/* Begin PBXGroup section */
		0F69667D02C314591CCEA81E /* Frameworks */ = {
			isa = PBXGroup;
			children = (
				CC2B46BB651FAC9FD385204B /* Pods_contacts_ios.framework */,
				61C556B5978A188A036A5C58 /* Pods_ContactsNetwork.framework */,
			);
			name = Frameworks;
			sourceTree = "<group>";
		};
		10781B48BA32075F767E3114 /* Pods */ = {
			isa = PBXGroup;
			children = (
				9CB087626DF7D2A5245B583C /* Pods-contacts-ios.debug.xcconfig */,
				B43456E1CCD0BAA8E69E5FFC /* Pods-contacts-ios.release.xcconfig */,
				D5305A0234C921A5D1285E78 /* Pods-ContactsNetwork.debug.xcconfig */,
				5768E94048357DEFC34474AD /* Pods-ContactsNetwork.release.xcconfig */,
			);
			name = Pods;
			sourceTree = "<group>";
		};
		F098FD482204958A00656B8F = {
			isa = PBXGroup;
			children = (
				F098FD532204958A00656B8F /* sources */,
				F098FD682204958C00656B8F /* ContactsTests */,
				F098FD732204958C00656B8F /* ContactsUITests */,
				F098FDAA2204A7E400656B8F /* ContactModels */,
				F098FDB52204A7E400656B8F /* ContactModelsTests */,
				F098FDCB22053A7B00656B8F /* ContactsNetwork */,
				F098FDD822053A7B00656B8F /* ContactsNetworkTests */,
				F098FD522204958A00656B8F /* Products */,
				10781B48BA32075F767E3114 /* Pods */,
				0F69667D02C314591CCEA81E /* Frameworks */,
			);
			sourceTree = "<group>";
		};
		F098FD522204958A00656B8F /* Products */ = {
			isa = PBXGroup;
			children = (
				F098FD512204958A00656B8F /* Contacts.app */,
				F098FD652204958C00656B8F /* ContactsTests.xctest */,
				F098FD702204958C00656B8F /* ContactsUITests.xctest */,
				F098FDA92204A7E400656B8F /* ContactModels.framework */,
				F098FDB12204A7E400656B8F /* ContactModelsTests.xctest */,
				F098FDCA22053A7A00656B8F /* ContactsNetwork.framework */,
				F098FDD222053A7B00656B8F /* ContactsNetworkTests.xctest */,
			);
			name = Products;
			sourceTree = "<group>";
		};
		F098FD532204958A00656B8F /* sources */ = {
			isa = PBXGroup;
			children = (
				F098FD542204958A00656B8F /* AppDelegate.swift */,
				F098FD9522049FF700656B8F /* AppConfig.swift */,
				F098FD972204A04500656B8F /* AppScreenManager.swift */,
				F098FE1422057DBD00656B8F /* AppDependencies.swift */,
				F098FE10220578AA00656B8F /* NetworkDataProvider.swift */,
				F098FE1222057A5200656B8F /* NetworkDataProvider+PromiseKit.swift */,
				F098FE162205806200656B8F /* Promises.swift */,
				F098A0102205AA0900E68C95 /* ImageLoader.swift */,
				F098FD88220497C300656B8F /* Screens */,
				F098FD5D2204958C00656B8F /* LaunchScreen.storyboard */,
				F098FD5B2204958C00656B8F /* Assets.xcassets */,
				F098FD8F22049DED00656B8F /* CodeGeneration */,
				F098FE002205627200656B8F /* Views */,
				F098FD852204976E00656B8F /* Extensions */,
				F098FD84220496BF00656B8F /* Supporting Files */,
			);
			path = sources;
			sourceTree = "<group>";
		};
		F098FD682204958C00656B8F /* ContactsTests */ = {
			isa = PBXGroup;
			children = (
				F098FD692204958C00656B8F /* ContactsTests.swift */,
				F098FD6B2204958C00656B8F /* Info.plist */,
			);
			path = ContactsTests;
			sourceTree = "<group>";
		};
		F098FD732204958C00656B8F /* ContactsUITests */ = {
			isa = PBXGroup;
			children = (
				F098FD742204958C00656B8F /* ContactsUITests.swift */,
				F098FD762204958C00656B8F /* Info.plist */,
			);
			path = ContactsUITests;
			sourceTree = "<group>";
		};
		F098FD84220496BF00656B8F /* Supporting Files */ = {
			isa = PBXGroup;
			children = (
				F098FE032205660C00656B8F /* Fonts */,
				F098FD8A22049B6D00656B8F /* R.generated.swift */,
				F098FE1E220583D700656B8F /* Localizable.strings */,
				F098FD602204958C00656B8F /* Info.plist */,
			);
			path = "Supporting Files";
			sourceTree = "<group>";
		};
		F098FD852204976E00656B8F /* Extensions */ = {
			isa = PBXGroup;
			children = (
				F098FD992204A06E00656B8F /* UIKit */,
			);
			path = Extensions;
			sourceTree = "<group>";
		};
		F098FD88220497C300656B8F /* Screens */ = {
			isa = PBXGroup;
			children = (
				F098FD582204958A00656B8F /* Main.storyboard */,
				F098FE0E2205713300656B8F /* RootCoordinator.swift */,
				F098FDA12204A17300656B8F /* Contacts Main */,
				F0EE719022069F41000809C6 /* Contact Details */,
			);
			path = Screens;
			sourceTree = "<group>";
		};
		F098FD8F22049DED00656B8F /* CodeGeneration */ = {
			isa = PBXGroup;
			children = (
				F098FD9022049E5400656B8F /* Generated */,
				F098FD8D22049D7900656B8F /* NetworkApiService.stencil */,
			);
			path = CodeGeneration;
			sourceTree = "<group>";
		};
		F098FD9022049E5400656B8F /* Generated */ = {
			isa = PBXGroup;
			children = (
				F098FD9122049E5400656B8F /* NetworkApiService.generated.swift */,
			);
			path = Generated;
			sourceTree = "<group>";
		};
		F098FD992204A06E00656B8F /* UIKit */ = {
			isa = PBXGroup;
			children = (
				F098FD9A2204A07A00656B8F /* Storyboard */,
				F098FDFE22055E1A00656B8F /* UIColor+Extensions.swift */,
				F0EE71C22206E511000809C6 /* UIView+Extensions.swift */,
				F098FE182205834A00656B8F /* ErrorAlertPresentable.swift */,
				F0EE71BC2206D567000809C6 /* ConfirmationAlertPresentable.swift */,
				F0EE71BA2206D299000809C6 /* UIAlertController+Extensions.swift */,
				F0EE718E22069BCD000809C6 /* UIBarButtonItem+Extensions.swift */,
				F01FCC1C2206EDE900C5B655 /* GradientView.swift */,
				F01FCC1E2206F56500C5B655 /* UINavigationController+Extensions.swift */,
			);
			path = UIKit;
			sourceTree = "<group>";
		};
		F098FD9A2204A07A00656B8F /* Storyboard */ = {
			isa = PBXGroup;
			children = (
				F098FD9B2204A09300656B8F /* UIStoryboardIdentifiable.swift */,
				F098FD9D2204A09F00656B8F /* UIStoryboard+Instantiate.swift */,
				F098FD9F2204A0AE00656B8F /* Storyboard.swift */,
			);
			path = Storyboard;
			sourceTree = "<group>";
		};
		F098FDA12204A17300656B8F /* Contacts Main */ = {
			isa = PBXGroup;
			children = (
				F0EE71852205BD32000809C6 /* Cells */,
				F098FD822204961700656B8F /* ContactsMainViewController.swift */,
				F098FE0C22056F1000656B8F /* ContactsMainScreenViewModel.swift */,
			);
			path = "Contacts Main";
			sourceTree = "<group>";
		};
		F098FDAA2204A7E400656B8F /* ContactModels */ = {
			isa = PBXGroup;
			children = (
				F098FDAB2204A7E400656B8F /* ContactModels.h */,
				F098FDAC2204A7E400656B8F /* Info.plist */,
				F098FDC02204A9E800656B8F /* ContactsListPerson.swift */,
				F098FDC22204AF2200656B8F /* Person.swift */,
			);
			path = ContactModels;
			sourceTree = "<group>";
		};
		F098FDB52204A7E400656B8F /* ContactModelsTests */ = {
			isa = PBXGroup;
			children = (
				F098FDB62204A7E400656B8F /* ContactModelsTests.swift */,
				F098FDB82204A7E400656B8F /* Info.plist */,
			);
			path = ContactModelsTests;
			sourceTree = "<group>";
		};
		F098FDCB22053A7B00656B8F /* ContactsNetwork */ = {
			isa = PBXGroup;
			children = (
				F098FDCC22053A7B00656B8F /* ContactsNetwork.h */,
				F098FDCD22053A7B00656B8F /* Info.plist */,
				F098FDE822053B1600656B8F /* DataProvider.swift */,
				F098FDEA22053B2700656B8F /* NetworkApiService.swift */,
				F098FDEC22053B3800656B8F /* ServerAPIError.swift */,
				F098FDEE22053B4400656B8F /* RequestDataProvidable.swift */,
				F098FDF022053BC200656B8F /* ModelMapper.swift */,
				F098FDF222053CC900656B8F /* Plugins */,
				F098FDF322053CD600656B8F /* Requests */,
				F098FDF822053D5A00656B8F /* Sample Data */,
			);
			path = ContactsNetwork;
			sourceTree = "<group>";
		};
		F098FDD822053A7B00656B8F /* ContactsNetworkTests */ = {
			isa = PBXGroup;
			children = (
				F098FDD922053A7B00656B8F /* ContactsNetworkTests.swift */,
				F098FDDB22053A7B00656B8F /* Info.plist */,
			);
			path = ContactsNetworkTests;
			sourceTree = "<group>";
		};
		F098FDF222053CC900656B8F /* Plugins */ = {
			isa = PBXGroup;
			children = (
				F098FDF422053CEB00656B8F /* NetworkLogger.swift */,
			);
			path = Plugins;
			sourceTree = "<group>";
		};
		F098FDF322053CD600656B8F /* Requests */ = {
			isa = PBXGroup;
			children = (
				F098FDF622053D3C00656B8F /* FetchContactsRequest.swift */,
				F0EE71AA2206B8DD000809C6 /* FetchContactRequest.swift */,
				F0EE71BE2206D752000809C6 /* DeleteContactRequest.swift */,
			);
			path = Requests;
			sourceTree = "<group>";
		};
		F098FDF822053D5A00656B8F /* Sample Data */ = {
			isa = PBXGroup;
			children = (
				F098FDF922053D8B00656B8F /* get_all_contacts_success.json */,
				F0EE71AC2206B943000809C6 /* fetch_contact_success.json */,
				F0EE71C02206D7B9000809C6 /* delete_contact_success.json */,
			);
			path = "Sample Data";
			sourceTree = "<group>";
		};
		F098FE002205627200656B8F /* Views */ = {
			isa = PBXGroup;
			children = (
				F0EE71B42206CDE3000809C6 /* GenericReusableCell.swift */,
				F0EE71B62206CE3B000809C6 /* GenericCollectionViewCell.swift */,
				F0EE71B72206CE3B000809C6 /* GenericCollectionViewCell.xib */,
			);
			path = Views;
			sourceTree = "<group>";
		};
		F098FE032205660C00656B8F /* Fonts */ = {
			isa = PBXGroup;
			children = (
				F098FE052205663100656B8F /* SF-UI-Display-Regular.otf */,
				F098FE042205663100656B8F /* SFUIText-Bold.ttf */,
				F098FE062205663200656B8F /* SFUIText-Regular.ttf */,
				F098FE072205663200656B8F /* SFUIText-Semibold.ttf */,
			);
			path = Fonts;
			sourceTree = "<group>";
		};
		F0EE71852205BD32000809C6 /* Cells */ = {
			isa = PBXGroup;
			children = (
				F098A0082205938500E68C95 /* ContactsMainLoadingCellViewModel.swift */,
				F098A004220591F300E68C95 /* ContactsMainLoadingCell.swift */,
				F098A005220591F300E68C95 /* ContactsMainLoadingCell.xib */,
				F098A00A220595F700E68C95 /* ContactsMainContactCellViewModel.swift */,
				F098A00022058E6800E68C95 /* ContactsMainContactCell.swift */,
				F098A00122058E6800E68C95 /* ContactsMainContactCell.xib */,
				F0EE71862205BD5C000809C6 /* ContactsMainHeaderView.swift */,
				F0EE71882205BD65000809C6 /* ContactsMainHeaderView.xib */,
			);
			path = Cells;
			sourceTree = "<group>";
		};
		F0EE719022069F41000809C6 /* Contact Details */ = {
			isa = PBXGroup;
			children = (
				F0EE719122069F5C000809C6 /* Cells */,
				F0EE718A2205D3BD000809C6 /* ContactViewController.swift */,
				F0EE718C2205DF4F000809C6 /* ContactScreenViewModel.swift */,
			);
			path = "Contact Details";
			sourceTree = "<group>";
		};
		F0EE719122069F5C000809C6 /* Cells */ = {
			isa = PBXGroup;
			children = (
				F0EE71A22206A0D1000809C6 /* ContactProfilePreviewCellViewModel.swift */,
				F0EE719222069FAD000809C6 /* ContactProfilePreviewCell.swift */,
				F0EE719322069FAD000809C6 /* ContactProfilePreviewCell.xib */,
				F0EE71A42206A0EB000809C6 /* ContactFieldCellViewModel.swift */,
				F0EE71962206A003000809C6 /* ContactFieldCell.swift */,
				F0EE71972206A003000809C6 /* ContactFieldCell.xib */,
				F0EE71A82206A117000809C6 /* ContactActionCellViewModel.swift */,
				F0EE719E2206A09A000809C6 /* ContactActionCell.swift */,
				F0EE719F2206A09A000809C6 /* ContactActionCell.xib */,
				F0EE71B22206BD53000809C6 /* ContactLoadingCellViewModel.swift */,
				F0EE71AE2206BC65000809C6 /* ContactLoadingCell.swift */,
				F0EE71AF2206BC65000809C6 /* ContactLoadingCell.xib */,
			);
			path = Cells;
			sourceTree = "<group>";
		};
/* End PBXGroup section */

/* Begin PBXHeadersBuildPhase section */
		F098FDA42204A7E400656B8F /* Headers */ = {
			isa = PBXHeadersBuildPhase;
			buildActionMask = 2147483647;
			files = (
				F098FDB92204A7E400656B8F /* ContactModels.h in Headers */,
			);
			runOnlyForDeploymentPostprocessing = 0;
		};
		F098FDC522053A7A00656B8F /* Headers */ = {
			isa = PBXHeadersBuildPhase;
			buildActionMask = 2147483647;
			files = (
				F098FDDC22053A7B00656B8F /* ContactsNetwork.h in Headers */,
			);
			runOnlyForDeploymentPostprocessing = 0;
		};
/* End PBXHeadersBuildPhase section */

/* Begin PBXNativeTarget section */
		F098FD502204958A00656B8F /* contacts-ios */ = {
			isa = PBXNativeTarget;
			buildConfigurationList = F098FD792204958C00656B8F /* Build configuration list for PBXNativeTarget "contacts-ios" */;
			buildPhases = (
				E556745D3C317F6BB0E0480B /* [CP] Check Pods Manifest.lock */,
				F098FD8922049B0900656B8F /* R.Swift */,
				F098FD8C22049BEC00656B8F /* Sourcery */,
				F098FDA32204A4AD00656B8F /* Swift Lint */,
				F098FD4D2204958A00656B8F /* Sources */,
				F098FD4E2204958A00656B8F /* Frameworks */,
				F098FD4F2204958A00656B8F /* Resources */,
				A26A8FCB6B824FA1B7501A2B /* [CP] Embed Pods Frameworks */,
				F098FDE622053A7B00656B8F /* Embed Frameworks */,
			);
			buildRules = (
			);
			dependencies = (
				F098FDDE22053A7B00656B8F /* PBXTargetDependency */,
				F098A00F2205A91D00E68C95 /* PBXTargetDependency */,
			);
			name = "contacts-ios";
			productName = Contacts;
			productReference = F098FD512204958A00656B8F /* Contacts.app */;
			productType = "com.apple.product-type.application";
		};
		F098FD642204958C00656B8F /* ContactsTests */ = {
			isa = PBXNativeTarget;
			buildConfigurationList = F098FD7C2204958C00656B8F /* Build configuration list for PBXNativeTarget "ContactsTests" */;
			buildPhases = (
				F098FD612204958C00656B8F /* Sources */,
				F098FD622204958C00656B8F /* Frameworks */,
				F098FD632204958C00656B8F /* Resources */,
			);
			buildRules = (
			);
			dependencies = (
				F098FD672204958C00656B8F /* PBXTargetDependency */,
			);
			name = ContactsTests;
			productName = ContactsTests;
			productReference = F098FD652204958C00656B8F /* ContactsTests.xctest */;
			productType = "com.apple.product-type.bundle.unit-test";
		};
		F098FD6F2204958C00656B8F /* ContactsUITests */ = {
			isa = PBXNativeTarget;
			buildConfigurationList = F098FD7F2204958C00656B8F /* Build configuration list for PBXNativeTarget "ContactsUITests" */;
			buildPhases = (
				F098FD6C2204958C00656B8F /* Sources */,
				F098FD6D2204958C00656B8F /* Frameworks */,
				F098FD6E2204958C00656B8F /* Resources */,
			);
			buildRules = (
			);
			dependencies = (
				F098FD722204958C00656B8F /* PBXTargetDependency */,
			);
			name = ContactsUITests;
			productName = ContactsUITests;
			productReference = F098FD702204958C00656B8F /* ContactsUITests.xctest */;
			productType = "com.apple.product-type.bundle.ui-testing";
		};
		F098FDA82204A7E400656B8F /* ContactModels */ = {
			isa = PBXNativeTarget;
			buildConfigurationList = F098FDBA2204A7E400656B8F /* Build configuration list for PBXNativeTarget "ContactModels" */;
			buildPhases = (
				F098FDA42204A7E400656B8F /* Headers */,
				F098FDFC2205410700656B8F /* Sourcery */,
				F098FDA52204A7E400656B8F /* Sources */,
				F098FDA62204A7E400656B8F /* Frameworks */,
				F098FDA72204A7E400656B8F /* Resources */,
			);
			buildRules = (
			);
			dependencies = (
			);
			name = ContactModels;
			productName = ContactModels;
			productReference = F098FDA92204A7E400656B8F /* ContactModels.framework */;
			productType = "com.apple.product-type.framework";
		};
		F098FDB02204A7E400656B8F /* ContactModelsTests */ = {
			isa = PBXNativeTarget;
			buildConfigurationList = F098FDBD2204A7E400656B8F /* Build configuration list for PBXNativeTarget "ContactModelsTests" */;
			buildPhases = (
				F098FDAD2204A7E400656B8F /* Sources */,
				F098FDAE2204A7E400656B8F /* Frameworks */,
				F098FDAF2204A7E400656B8F /* Resources */,
			);
			buildRules = (
			);
			dependencies = (
				F098FDB42204A7E400656B8F /* PBXTargetDependency */,
			);
			name = ContactModelsTests;
			productName = ContactModelsTests;
			productReference = F098FDB12204A7E400656B8F /* ContactModelsTests.xctest */;
			productType = "com.apple.product-type.bundle.unit-test";
		};
		F098FDC922053A7A00656B8F /* ContactsNetwork */ = {
			isa = PBXNativeTarget;
			buildConfigurationList = F098FDE522053A7B00656B8F /* Build configuration list for PBXNativeTarget "ContactsNetwork" */;
			buildPhases = (
				38E9617C8F5A027F93324C9D /* [CP] Check Pods Manifest.lock */,
				F098FDC522053A7A00656B8F /* Headers */,
				F098FDFB220540E700656B8F /* Sourcery */,
				F098FDC622053A7A00656B8F /* Sources */,
				F098FDC722053A7A00656B8F /* Frameworks */,
				F098FDC822053A7A00656B8F /* Resources */,
			);
			buildRules = (
			);
			dependencies = (
			);
			name = ContactsNetwork;
			productName = ContactsNetwork;
			productReference = F098FDCA22053A7A00656B8F /* ContactsNetwork.framework */;
			productType = "com.apple.product-type.framework";
		};
		F098FDD122053A7B00656B8F /* ContactsNetworkTests */ = {
			isa = PBXNativeTarget;
			buildConfigurationList = F098FDE722053A7B00656B8F /* Build configuration list for PBXNativeTarget "ContactsNetworkTests" */;
			buildPhases = (
				F098FDCE22053A7B00656B8F /* Sources */,
				F098FDCF22053A7B00656B8F /* Frameworks */,
				F098FDD022053A7B00656B8F /* Resources */,
			);
			buildRules = (
			);
			dependencies = (
				F098FDD522053A7B00656B8F /* PBXTargetDependency */,
				F098FDD722053A7B00656B8F /* PBXTargetDependency */,
			);
			name = ContactsNetworkTests;
			productName = ContactsNetworkTests;
			productReference = F098FDD222053A7B00656B8F /* ContactsNetworkTests.xctest */;
			productType = "com.apple.product-type.bundle.unit-test";
		};
/* End PBXNativeTarget section */

/* Begin PBXProject section */
		F098FD492204958A00656B8F /* Project object */ = {
			isa = PBXProject;
			attributes = {
				LastSwiftUpdateCheck = 1010;
				LastUpgradeCheck = 1010;
				ORGANIZATIONNAME = "Stanislau Baranouski";
				TargetAttributes = {
					F098FD502204958A00656B8F = {
						CreatedOnToolsVersion = 10.1;
					};
					F098FD642204958C00656B8F = {
						CreatedOnToolsVersion = 10.1;
						TestTargetID = F098FD502204958A00656B8F;
					};
					F098FD6F2204958C00656B8F = {
						CreatedOnToolsVersion = 10.1;
						TestTargetID = F098FD502204958A00656B8F;
					};
					F098FDA82204A7E400656B8F = {
						CreatedOnToolsVersion = 10.1;
						LastSwiftMigration = 1010;
					};
					F098FDB02204A7E400656B8F = {
						CreatedOnToolsVersion = 10.1;
					};
					F098FDC922053A7A00656B8F = {
						CreatedOnToolsVersion = 10.1;
						LastSwiftMigration = 1010;
					};
					F098FDD122053A7B00656B8F = {
						CreatedOnToolsVersion = 10.1;
						TestTargetID = F098FD502204958A00656B8F;
					};
				};
			};
			buildConfigurationList = F098FD4C2204958A00656B8F /* Build configuration list for PBXProject "contacts" */;
			compatibilityVersion = "Xcode 9.3";
			developmentRegion = en;
			hasScannedForEncodings = 0;
			knownRegions = (
				en,
				Base,
			);
			mainGroup = F098FD482204958A00656B8F;
			productRefGroup = F098FD522204958A00656B8F /* Products */;
			projectDirPath = "";
			projectRoot = "";
			targets = (
				F098FD502204958A00656B8F /* contacts-ios */,
				F098FD642204958C00656B8F /* ContactsTests */,
				F098FD6F2204958C00656B8F /* ContactsUITests */,
				F098FDA82204A7E400656B8F /* ContactModels */,
				F098FDB02204A7E400656B8F /* ContactModelsTests */,
				F098FDC922053A7A00656B8F /* ContactsNetwork */,
				F098FDD122053A7B00656B8F /* ContactsNetworkTests */,
			);
		};
/* End PBXProject section */

/* Begin PBXResourcesBuildPhase section */
		F098FD4F2204958A00656B8F /* Resources */ = {
			isa = PBXResourcesBuildPhase;
			buildActionMask = 2147483647;
			files = (
				F0EE71A12206A09A000809C6 /* ContactActionCell.xib in Resources */,
				F0EE71B12206BC65000809C6 /* ContactLoadingCell.xib in Resources */,
				F098A00322058E6800E68C95 /* ContactsMainContactCell.xib in Resources */,
				F098FD5F2204958C00656B8F /* LaunchScreen.storyboard in Resources */,
				F098FE0B2205663200656B8F /* SFUIText-Semibold.ttf in Resources */,
				F0EE71992206A003000809C6 /* ContactFieldCell.xib in Resources */,
				F098FD5C2204958C00656B8F /* Assets.xcassets in Resources */,
				F098A007220591F300E68C95 /* ContactsMainLoadingCell.xib in Resources */,
				F0EE71B92206CE3B000809C6 /* GenericCollectionViewCell.xib in Resources */,
				F0EE719522069FAD000809C6 /* ContactProfilePreviewCell.xib in Resources */,
				F098FE092205663200656B8F /* SF-UI-Display-Regular.otf in Resources */,
				F098FE1C220583D700656B8F /* Localizable.strings in Resources */,
				F098FD8E22049D7900656B8F /* NetworkApiService.stencil in Resources */,
				F098FE0A2205663200656B8F /* SFUIText-Regular.ttf in Resources */,
				F098FE082205663200656B8F /* SFUIText-Bold.ttf in Resources */,
				F098FD5A2204958A00656B8F /* Main.storyboard in Resources */,
				F0EE71892205BD65000809C6 /* ContactsMainHeaderView.xib in Resources */,
			);
			runOnlyForDeploymentPostprocessing = 0;
		};
		F098FD632204958C00656B8F /* Resources */ = {
			isa = PBXResourcesBuildPhase;
			buildActionMask = 2147483647;
			files = (
			);
			runOnlyForDeploymentPostprocessing = 0;
		};
		F098FD6E2204958C00656B8F /* Resources */ = {
			isa = PBXResourcesBuildPhase;
			buildActionMask = 2147483647;
			files = (
			);
			runOnlyForDeploymentPostprocessing = 0;
		};
		F098FDA72204A7E400656B8F /* Resources */ = {
			isa = PBXResourcesBuildPhase;
			buildActionMask = 2147483647;
			files = (
			);
			runOnlyForDeploymentPostprocessing = 0;
		};
		F098FDAF2204A7E400656B8F /* Resources */ = {
			isa = PBXResourcesBuildPhase;
			buildActionMask = 2147483647;
			files = (
			);
			runOnlyForDeploymentPostprocessing = 0;
		};
		F098FDC822053A7A00656B8F /* Resources */ = {
			isa = PBXResourcesBuildPhase;
			buildActionMask = 2147483647;
			files = (
				F098FDFA22053D8B00656B8F /* get_all_contacts_success.json in Resources */,
				F0EE71AD2206B943000809C6 /* fetch_contact_success.json in Resources */,
				F0EE71C12206D7B9000809C6 /* delete_contact_success.json in Resources */,
			);
			runOnlyForDeploymentPostprocessing = 0;
		};
		F098FDD022053A7B00656B8F /* Resources */ = {
			isa = PBXResourcesBuildPhase;
			buildActionMask = 2147483647;
			files = (
			);
			runOnlyForDeploymentPostprocessing = 0;
		};
/* End PBXResourcesBuildPhase section */

/* Begin PBXShellScriptBuildPhase section */
		38E9617C8F5A027F93324C9D /* [CP] Check Pods Manifest.lock */ = {
			isa = PBXShellScriptBuildPhase;
			buildActionMask = 2147483647;
			files = (
			);
			inputFileListPaths = (
			);
			inputPaths = (
				"${PODS_PODFILE_DIR_PATH}/Podfile.lock",
				"${PODS_ROOT}/Manifest.lock",
			);
			name = "[CP] Check Pods Manifest.lock";
			outputFileListPaths = (
			);
			outputPaths = (
				"$(DERIVED_FILE_DIR)/Pods-ContactsNetwork-checkManifestLockResult.txt",
			);
			runOnlyForDeploymentPostprocessing = 0;
			shellPath = /bin/sh;
			shellScript = "diff \"${PODS_PODFILE_DIR_PATH}/Podfile.lock\" \"${PODS_ROOT}/Manifest.lock\" > /dev/null\nif [ $? != 0 ] ; then\n    # print error to STDERR\n    echo \"error: The sandbox is not in sync with the Podfile.lock. Run 'pod install' or update your CocoaPods installation.\" >&2\n    exit 1\nfi\n# This output is used by Xcode 'outputs' to avoid re-running this script phase.\necho \"SUCCESS\" > \"${SCRIPT_OUTPUT_FILE_0}\"\n";
			showEnvVarsInLog = 0;
		};
		A26A8FCB6B824FA1B7501A2B /* [CP] Embed Pods Frameworks */ = {
			isa = PBXShellScriptBuildPhase;
			buildActionMask = 2147483647;
			files = (
			);
			inputFileListPaths = (
			);
			inputPaths = (
				"${SRCROOT}/Pods/Target Support Files/Pods-contacts-ios/Pods-contacts-ios-frameworks.sh",
				"${BUILT_PRODUCTS_DIR}/Alamofire/Alamofire.framework",
				"${BUILT_PRODUCTS_DIR}/Moya/Moya.framework",
				"${BUILT_PRODUCTS_DIR}/Result/Result.framework",
				"${BUILT_PRODUCTS_DIR}/Nuke/Nuke.framework",
				"${BUILT_PRODUCTS_DIR}/PromiseKit/PromiseKit.framework",
				"${BUILT_PRODUCTS_DIR}/R.swift.Library/Rswift.framework",
			);
			name = "[CP] Embed Pods Frameworks";
			outputFileListPaths = (
			);
			outputPaths = (
				"${TARGET_BUILD_DIR}/${FRAMEWORKS_FOLDER_PATH}/Alamofire.framework",
				"${TARGET_BUILD_DIR}/${FRAMEWORKS_FOLDER_PATH}/Moya.framework",
				"${TARGET_BUILD_DIR}/${FRAMEWORKS_FOLDER_PATH}/Result.framework",
				"${TARGET_BUILD_DIR}/${FRAMEWORKS_FOLDER_PATH}/Nuke.framework",
				"${TARGET_BUILD_DIR}/${FRAMEWORKS_FOLDER_PATH}/PromiseKit.framework",
				"${TARGET_BUILD_DIR}/${FRAMEWORKS_FOLDER_PATH}/Rswift.framework",
			);
			runOnlyForDeploymentPostprocessing = 0;
			shellPath = /bin/sh;
			shellScript = "\"${SRCROOT}/Pods/Target Support Files/Pods-contacts-ios/Pods-contacts-ios-frameworks.sh\"\n";
			showEnvVarsInLog = 0;
		};
		E556745D3C317F6BB0E0480B /* [CP] Check Pods Manifest.lock */ = {
			isa = PBXShellScriptBuildPhase;
			buildActionMask = 2147483647;
			files = (
			);
			inputFileListPaths = (
			);
			inputPaths = (
				"${PODS_PODFILE_DIR_PATH}/Podfile.lock",
				"${PODS_ROOT}/Manifest.lock",
			);
			name = "[CP] Check Pods Manifest.lock";
			outputFileListPaths = (
			);
			outputPaths = (
				"$(DERIVED_FILE_DIR)/Pods-contacts-ios-checkManifestLockResult.txt",
			);
			runOnlyForDeploymentPostprocessing = 0;
			shellPath = /bin/sh;
			shellScript = "diff \"${PODS_PODFILE_DIR_PATH}/Podfile.lock\" \"${PODS_ROOT}/Manifest.lock\" > /dev/null\nif [ $? != 0 ] ; then\n    # print error to STDERR\n    echo \"error: The sandbox is not in sync with the Podfile.lock. Run 'pod install' or update your CocoaPods installation.\" >&2\n    exit 1\nfi\n# This output is used by Xcode 'outputs' to avoid re-running this script phase.\necho \"SUCCESS\" > \"${SCRIPT_OUTPUT_FILE_0}\"\n";
			showEnvVarsInLog = 0;
		};
		F098FD8922049B0900656B8F /* R.Swift */ = {
			isa = PBXShellScriptBuildPhase;
			buildActionMask = 2147483647;
			files = (
			);
			inputFileListPaths = (
			);
			inputPaths = (
			);
			name = R.Swift;
			outputFileListPaths = (
			);
			outputPaths = (
			);
			runOnlyForDeploymentPostprocessing = 0;
			shellPath = /bin/sh;
			shellScript = "\"$PODS_ROOT/R.swift/rswift\" generate \"$SRCROOT/sources/Supporting Files\"\n";
		};
		F098FD8C22049BEC00656B8F /* Sourcery */ = {
			isa = PBXShellScriptBuildPhase;
			buildActionMask = 2147483647;
			files = (
			);
			inputFileListPaths = (
			);
			inputPaths = (
			);
			name = Sourcery;
			outputFileListPaths = (
			);
			outputPaths = (
			);
			runOnlyForDeploymentPostprocessing = 0;
			shellPath = /bin/sh;
			shellScript = "sourcery --config .sourcery.yml\n";
		};
		F098FDA32204A4AD00656B8F /* Swift Lint */ = {
			isa = PBXShellScriptBuildPhase;
			buildActionMask = 2147483647;
			files = (
			);
			inputFileListPaths = (
			);
			inputPaths = (
			);
			name = "Swift Lint";
			outputFileListPaths = (
			);
			outputPaths = (
			);
			runOnlyForDeploymentPostprocessing = 0;
			shellPath = /bin/sh;
			shellScript = "if which swiftlint >/dev/null; then\nswiftlint\nelse\necho \"warning: SwiftLint not installed, download from https://github.com/realm/SwiftLint\"\nfi\n";
		};
		F098FDFB220540E700656B8F /* Sourcery */ = {
			isa = PBXShellScriptBuildPhase;
			buildActionMask = 2147483647;
			files = (
			);
			inputFileListPaths = (
			);
			inputPaths = (
			);
			name = Sourcery;
			outputFileListPaths = (
			);
			outputPaths = (
			);
			runOnlyForDeploymentPostprocessing = 0;
			shellPath = /bin/sh;
			shellScript = "sourcery --config .sourcery.yml\n\n";
		};
		F098FDFC2205410700656B8F /* Sourcery */ = {
			isa = PBXShellScriptBuildPhase;
			buildActionMask = 2147483647;
			files = (
			);
			inputFileListPaths = (
			);
			inputPaths = (
			);
			name = Sourcery;
			outputFileListPaths = (
			);
			outputPaths = (
			);
			runOnlyForDeploymentPostprocessing = 0;
			shellPath = /bin/sh;
			shellScript = "sourcery --config .sourcery.yml\n\n";
		};
/* End PBXShellScriptBuildPhase section */

/* Begin PBXSourcesBuildPhase section */
		F098FD4D2204958A00656B8F /* Sources */ = {
			isa = PBXSourcesBuildPhase;
			buildActionMask = 2147483647;
			files = (
				F098FE0D22056F1000656B8F /* ContactsMainScreenViewModel.swift in Sources */,
				F098A00B220595F700E68C95 /* ContactsMainContactCellViewModel.swift in Sources */,
				F098FD832204961700656B8F /* ContactsMainViewController.swift in Sources */,
				F098FE1522057DBD00656B8F /* AppDependencies.swift in Sources */,
				F098A0092205938500E68C95 /* ContactsMainLoadingCellViewModel.swift in Sources */,
				F01FCC1F2206F56500C5B655 /* UINavigationController+Extensions.swift in Sources */,
				F098FD9622049FF700656B8F /* AppConfig.swift in Sources */,
				F0EE71A52206A0EB000809C6 /* ContactFieldCellViewModel.swift in Sources */,
				F0EE71A92206A117000809C6 /* ContactActionCellViewModel.swift in Sources */,
				F098A006220591F300E68C95 /* ContactsMainLoadingCell.swift in Sources */,
				F0EE718D2205DF4F000809C6 /* ContactScreenViewModel.swift in Sources */,
				F0EE71A32206A0D1000809C6 /* ContactProfilePreviewCellViewModel.swift in Sources */,
				F0EE718F22069BCD000809C6 /* UIBarButtonItem+Extensions.swift in Sources */,
				F0EE71C32206E511000809C6 /* UIView+Extensions.swift in Sources */,
				F098FE1322057A5200656B8F /* NetworkDataProvider+PromiseKit.swift in Sources */,
				F098A00222058E6800E68C95 /* ContactsMainContactCell.swift in Sources */,
				F0EE71872205BD5C000809C6 /* ContactsMainHeaderView.swift in Sources */,
				F098FD552204958A00656B8F /* AppDelegate.swift in Sources */,
				F098FD982204A04500656B8F /* AppScreenManager.swift in Sources */,
				F098FD8B22049B6D00656B8F /* R.generated.swift in Sources */,
				F0EE71B52206CDE3000809C6 /* GenericReusableCell.swift in Sources */,
				F0EE719422069FAD000809C6 /* ContactProfilePreviewCell.swift in Sources */,
				F0EE71982206A003000809C6 /* ContactFieldCell.swift in Sources */,
				F098FD9C2204A09300656B8F /* UIStoryboardIdentifiable.swift in Sources */,
				F01FCC1D2206EDE900C5B655 /* GradientView.swift in Sources */,
				F098FE172205806200656B8F /* Promises.swift in Sources */,
				F0EE71B82206CE3B000809C6 /* GenericCollectionViewCell.swift in Sources */,
				F098A0112205AA0900E68C95 /* ImageLoader.swift in Sources */,
				F098FE11220578AA00656B8F /* NetworkDataProvider.swift in Sources */,
				F0EE71BD2206D567000809C6 /* ConfirmationAlertPresentable.swift in Sources */,
				F098FDA02204A0AE00656B8F /* Storyboard.swift in Sources */,
				F098FDFF22055E1A00656B8F /* UIColor+Extensions.swift in Sources */,
				F0EE71A02206A09A000809C6 /* ContactActionCell.swift in Sources */,
				F098FE192205834A00656B8F /* ErrorAlertPresentable.swift in Sources */,
				F0EE718B2205D3BD000809C6 /* ContactViewController.swift in Sources */,
				F0EE71B32206BD53000809C6 /* ContactLoadingCellViewModel.swift in Sources */,
				F0EE71B02206BC65000809C6 /* ContactLoadingCell.swift in Sources */,
				F098FE0F2205713300656B8F /* RootCoordinator.swift in Sources */,
				F0EE71BB2206D299000809C6 /* UIAlertController+Extensions.swift in Sources */,
				F098FD9E2204A09F00656B8F /* UIStoryboard+Instantiate.swift in Sources */,
			);
			runOnlyForDeploymentPostprocessing = 0;
		};
		F098FD612204958C00656B8F /* Sources */ = {
			isa = PBXSourcesBuildPhase;
			buildActionMask = 2147483647;
			files = (
				F098FD6A2204958C00656B8F /* ContactsTests.swift in Sources */,
			);
			runOnlyForDeploymentPostprocessing = 0;
		};
		F098FD6C2204958C00656B8F /* Sources */ = {
			isa = PBXSourcesBuildPhase;
			buildActionMask = 2147483647;
			files = (
				F098FD752204958C00656B8F /* ContactsUITests.swift in Sources */,
			);
			runOnlyForDeploymentPostprocessing = 0;
		};
		F098FDA52204A7E400656B8F /* Sources */ = {
			isa = PBXSourcesBuildPhase;
			buildActionMask = 2147483647;
			files = (
				F098FDC32204AF2200656B8F /* Person.swift in Sources */,
				F098FDC12204A9E800656B8F /* ContactsListPerson.swift in Sources */,
			);
			runOnlyForDeploymentPostprocessing = 0;
		};
		F098FDAD2204A7E400656B8F /* Sources */ = {
			isa = PBXSourcesBuildPhase;
			buildActionMask = 2147483647;
			files = (
				F098FDB72204A7E400656B8F /* ContactModelsTests.swift in Sources */,
			);
			runOnlyForDeploymentPostprocessing = 0;
		};
		F098FDC622053A7A00656B8F /* Sources */ = {
			isa = PBXSourcesBuildPhase;
			buildActionMask = 2147483647;
			files = (
				F098FDF522053CEB00656B8F /* NetworkLogger.swift in Sources */,
				F098FDE922053B1600656B8F /* DataProvider.swift in Sources */,
				F0EE71AB2206B8DD000809C6 /* FetchContactRequest.swift in Sources */,
				F098FDFD2205414300656B8F /* NetworkApiService.generated.swift in Sources */,
				F098FDEF22053B4400656B8F /* RequestDataProvidable.swift in Sources */,
				F098FDEB22053B2700656B8F /* NetworkApiService.swift in Sources */,
				F098FDF722053D3C00656B8F /* FetchContactsRequest.swift in Sources */,
				F098FDED22053B3800656B8F /* ServerAPIError.swift in Sources */,
				F098FDF122053BC200656B8F /* ModelMapper.swift in Sources */,
				F0EE71BF2206D752000809C6 /* DeleteContactRequest.swift in Sources */,
			);
			runOnlyForDeploymentPostprocessing = 0;
		};
		F098FDCE22053A7B00656B8F /* Sources */ = {
			isa = PBXSourcesBuildPhase;
			buildActionMask = 2147483647;
			files = (
				F098FDDA22053A7B00656B8F /* ContactsNetworkTests.swift in Sources */,
			);
			runOnlyForDeploymentPostprocessing = 0;
		};
/* End PBXSourcesBuildPhase section */

/* Begin PBXTargetDependency section */
		F098A00F2205A91D00E68C95 /* PBXTargetDependency */ = {
			isa = PBXTargetDependency;
			target = F098FDA82204A7E400656B8F /* ContactModels */;
			targetProxy = F098A00E2205A91D00E68C95 /* PBXContainerItemProxy */;
		};
		F098FD672204958C00656B8F /* PBXTargetDependency */ = {
			isa = PBXTargetDependency;
			target = F098FD502204958A00656B8F /* contacts-ios */;
			targetProxy = F098FD662204958C00656B8F /* PBXContainerItemProxy */;
		};
		F098FD722204958C00656B8F /* PBXTargetDependency */ = {
			isa = PBXTargetDependency;
			target = F098FD502204958A00656B8F /* contacts-ios */;
			targetProxy = F098FD712204958C00656B8F /* PBXContainerItemProxy */;
		};
		F098FDB42204A7E400656B8F /* PBXTargetDependency */ = {
			isa = PBXTargetDependency;
			target = F098FDA82204A7E400656B8F /* ContactModels */;
			targetProxy = F098FDB32204A7E400656B8F /* PBXContainerItemProxy */;
		};
		F098FDD522053A7B00656B8F /* PBXTargetDependency */ = {
			isa = PBXTargetDependency;
			target = F098FDC922053A7A00656B8F /* ContactsNetwork */;
			targetProxy = F098FDD422053A7B00656B8F /* PBXContainerItemProxy */;
		};
		F098FDD722053A7B00656B8F /* PBXTargetDependency */ = {
			isa = PBXTargetDependency;
			target = F098FD502204958A00656B8F /* contacts-ios */;
			targetProxy = F098FDD622053A7B00656B8F /* PBXContainerItemProxy */;
		};
		F098FDDE22053A7B00656B8F /* PBXTargetDependency */ = {
			isa = PBXTargetDependency;
			target = F098FDC922053A7A00656B8F /* ContactsNetwork */;
			targetProxy = F098FDDD22053A7B00656B8F /* PBXContainerItemProxy */;
		};
/* End PBXTargetDependency section */

/* Begin PBXVariantGroup section */
		F098FD582204958A00656B8F /* Main.storyboard */ = {
			isa = PBXVariantGroup;
			children = (
				F098FD592204958A00656B8F /* Base */,
			);
			name = Main.storyboard;
			sourceTree = "<group>";
		};
		F098FD5D2204958C00656B8F /* LaunchScreen.storyboard */ = {
			isa = PBXVariantGroup;
			children = (
				F098FD5E2204958C00656B8F /* Base */,
			);
			name = LaunchScreen.storyboard;
			sourceTree = "<group>";
		};
		F098FE1E220583D700656B8F /* Localizable.strings */ = {
			isa = PBXVariantGroup;
			children = (
				F098FE1D220583D700656B8F /* en */,
			);
			name = Localizable.strings;
			sourceTree = "<group>";
		};
/* End PBXVariantGroup section */

/* Begin XCBuildConfiguration section */
		F098FD772204958C00656B8F /* Debug */ = {
			isa = XCBuildConfiguration;
			buildSettings = {
				ALWAYS_SEARCH_USER_PATHS = NO;
				CLANG_ANALYZER_NONNULL = YES;
				CLANG_ANALYZER_NUMBER_OBJECT_CONVERSION = YES_AGGRESSIVE;
				CLANG_CXX_LANGUAGE_STANDARD = "gnu++14";
				CLANG_CXX_LIBRARY = "libc++";
				CLANG_ENABLE_MODULES = YES;
				CLANG_ENABLE_OBJC_ARC = YES;
				CLANG_ENABLE_OBJC_WEAK = YES;
				CLANG_WARN_BLOCK_CAPTURE_AUTORELEASING = YES;
				CLANG_WARN_BOOL_CONVERSION = YES;
				CLANG_WARN_COMMA = YES;
				CLANG_WARN_CONSTANT_CONVERSION = YES;
				CLANG_WARN_DEPRECATED_OBJC_IMPLEMENTATIONS = YES;
				CLANG_WARN_DIRECT_OBJC_ISA_USAGE = YES_ERROR;
				CLANG_WARN_DOCUMENTATION_COMMENTS = YES;
				CLANG_WARN_EMPTY_BODY = YES;
				CLANG_WARN_ENUM_CONVERSION = YES;
				CLANG_WARN_INFINITE_RECURSION = YES;
				CLANG_WARN_INT_CONVERSION = YES;
				CLANG_WARN_NON_LITERAL_NULL_CONVERSION = YES;
				CLANG_WARN_OBJC_IMPLICIT_RETAIN_SELF = YES;
				CLANG_WARN_OBJC_LITERAL_CONVERSION = YES;
				CLANG_WARN_OBJC_ROOT_CLASS = YES_ERROR;
				CLANG_WARN_RANGE_LOOP_ANALYSIS = YES;
				CLANG_WARN_STRICT_PROTOTYPES = YES;
				CLANG_WARN_SUSPICIOUS_MOVE = YES;
				CLANG_WARN_UNGUARDED_AVAILABILITY = YES_AGGRESSIVE;
				CLANG_WARN_UNREACHABLE_CODE = YES;
				CLANG_WARN__DUPLICATE_METHOD_MATCH = YES;
				CODE_SIGN_IDENTITY = "iPhone Developer";
				COPY_PHASE_STRIP = NO;
				DEBUG_INFORMATION_FORMAT = dwarf;
				ENABLE_STRICT_OBJC_MSGSEND = YES;
				ENABLE_TESTABILITY = YES;
				GCC_C_LANGUAGE_STANDARD = gnu11;
				GCC_DYNAMIC_NO_PIC = NO;
				GCC_NO_COMMON_BLOCKS = YES;
				GCC_OPTIMIZATION_LEVEL = 0;
				GCC_PREPROCESSOR_DEFINITIONS = (
					"DEBUG=1",
					"$(inherited)",
				);
				GCC_WARN_64_TO_32_BIT_CONVERSION = YES;
				GCC_WARN_ABOUT_RETURN_TYPE = YES_ERROR;
				GCC_WARN_UNDECLARED_SELECTOR = YES;
				GCC_WARN_UNINITIALIZED_AUTOS = YES_AGGRESSIVE;
				GCC_WARN_UNUSED_FUNCTION = YES;
				GCC_WARN_UNUSED_VARIABLE = YES;
				IPHONEOS_DEPLOYMENT_TARGET = 12.1;
				MTL_ENABLE_DEBUG_INFO = INCLUDE_SOURCE;
				MTL_FAST_MATH = YES;
				ONLY_ACTIVE_ARCH = YES;
				SDKROOT = iphoneos;
				SWIFT_ACTIVE_COMPILATION_CONDITIONS = DEBUG;
				SWIFT_OPTIMIZATION_LEVEL = "-Onone";
			};
			name = Debug;
		};
		F098FD782204958C00656B8F /* Release */ = {
			isa = XCBuildConfiguration;
			buildSettings = {
				ALWAYS_SEARCH_USER_PATHS = NO;
				CLANG_ANALYZER_NONNULL = YES;
				CLANG_ANALYZER_NUMBER_OBJECT_CONVERSION = YES_AGGRESSIVE;
				CLANG_CXX_LANGUAGE_STANDARD = "gnu++14";
				CLANG_CXX_LIBRARY = "libc++";
				CLANG_ENABLE_MODULES = YES;
				CLANG_ENABLE_OBJC_ARC = YES;
				CLANG_ENABLE_OBJC_WEAK = YES;
				CLANG_WARN_BLOCK_CAPTURE_AUTORELEASING = YES;
				CLANG_WARN_BOOL_CONVERSION = YES;
				CLANG_WARN_COMMA = YES;
				CLANG_WARN_CONSTANT_CONVERSION = YES;
				CLANG_WARN_DEPRECATED_OBJC_IMPLEMENTATIONS = YES;
				CLANG_WARN_DIRECT_OBJC_ISA_USAGE = YES_ERROR;
				CLANG_WARN_DOCUMENTATION_COMMENTS = YES;
				CLANG_WARN_EMPTY_BODY = YES;
				CLANG_WARN_ENUM_CONVERSION = YES;
				CLANG_WARN_INFINITE_RECURSION = YES;
				CLANG_WARN_INT_CONVERSION = YES;
				CLANG_WARN_NON_LITERAL_NULL_CONVERSION = YES;
				CLANG_WARN_OBJC_IMPLICIT_RETAIN_SELF = YES;
				CLANG_WARN_OBJC_LITERAL_CONVERSION = YES;
				CLANG_WARN_OBJC_ROOT_CLASS = YES_ERROR;
				CLANG_WARN_RANGE_LOOP_ANALYSIS = YES;
				CLANG_WARN_STRICT_PROTOTYPES = YES;
				CLANG_WARN_SUSPICIOUS_MOVE = YES;
				CLANG_WARN_UNGUARDED_AVAILABILITY = YES_AGGRESSIVE;
				CLANG_WARN_UNREACHABLE_CODE = YES;
				CLANG_WARN__DUPLICATE_METHOD_MATCH = YES;
				CODE_SIGN_IDENTITY = "iPhone Developer";
				COPY_PHASE_STRIP = NO;
				DEBUG_INFORMATION_FORMAT = "dwarf-with-dsym";
				ENABLE_NS_ASSERTIONS = NO;
				ENABLE_STRICT_OBJC_MSGSEND = YES;
				GCC_C_LANGUAGE_STANDARD = gnu11;
				GCC_NO_COMMON_BLOCKS = YES;
				GCC_WARN_64_TO_32_BIT_CONVERSION = YES;
				GCC_WARN_ABOUT_RETURN_TYPE = YES_ERROR;
				GCC_WARN_UNDECLARED_SELECTOR = YES;
				GCC_WARN_UNINITIALIZED_AUTOS = YES_AGGRESSIVE;
				GCC_WARN_UNUSED_FUNCTION = YES;
				GCC_WARN_UNUSED_VARIABLE = YES;
				IPHONEOS_DEPLOYMENT_TARGET = 12.1;
				MTL_ENABLE_DEBUG_INFO = NO;
				MTL_FAST_MATH = YES;
				SDKROOT = iphoneos;
				SWIFT_COMPILATION_MODE = wholemodule;
				SWIFT_OPTIMIZATION_LEVEL = "-O";
				VALIDATE_PRODUCT = YES;
			};
			name = Release;
		};
		F098FD7A2204958C00656B8F /* Debug */ = {
			isa = XCBuildConfiguration;
			baseConfigurationReference = 9CB087626DF7D2A5245B583C /* Pods-contacts-ios.debug.xcconfig */;
			buildSettings = {
				ALWAYS_EMBED_SWIFT_STANDARD_LIBRARIES = YES;
				ASSETCATALOG_COMPILER_APPICON_NAME = AppIcon;
				CODE_SIGN_STYLE = Automatic;
				DEVELOPMENT_TEAM = 9QAMVT46U8;
				INFOPLIST_FILE = "sources/Supporting Files/Info.plist";
				LD_RUNPATH_SEARCH_PATHS = (
					"$(inherited)",
					"@executable_path/Frameworks",
				);
				PRODUCT_BUNDLE_IDENTIFIER = freemansion.contacts.ios;
				PRODUCT_NAME = Contacts;
				SWIFT_VERSION = 4.2;
				TARGETED_DEVICE_FAMILY = "1,2";
			};
			name = Debug;
		};
		F098FD7B2204958C00656B8F /* Release */ = {
			isa = XCBuildConfiguration;
			baseConfigurationReference = B43456E1CCD0BAA8E69E5FFC /* Pods-contacts-ios.release.xcconfig */;
			buildSettings = {
				ALWAYS_EMBED_SWIFT_STANDARD_LIBRARIES = YES;
				ASSETCATALOG_COMPILER_APPICON_NAME = AppIcon;
				CODE_SIGN_STYLE = Automatic;
				DEVELOPMENT_TEAM = 9QAMVT46U8;
				INFOPLIST_FILE = "sources/Supporting Files/Info.plist";
				LD_RUNPATH_SEARCH_PATHS = (
					"$(inherited)",
					"@executable_path/Frameworks",
				);
				PRODUCT_BUNDLE_IDENTIFIER = freemansion.contacts.ios;
				PRODUCT_NAME = Contacts;
				SWIFT_VERSION = 4.2;
				TARGETED_DEVICE_FAMILY = "1,2";
			};
			name = Release;
		};
		F098FD7D2204958C00656B8F /* Debug */ = {
			isa = XCBuildConfiguration;
			buildSettings = {
				ALWAYS_EMBED_SWIFT_STANDARD_LIBRARIES = YES;
				BUNDLE_LOADER = "$(TEST_HOST)";
				CODE_SIGN_STYLE = Automatic;
				DEVELOPMENT_TEAM = 9QAMVT46U8;
				INFOPLIST_FILE = ContactsTests/Info.plist;
				LD_RUNPATH_SEARCH_PATHS = (
					"$(inherited)",
					"@executable_path/Frameworks",
					"@loader_path/Frameworks",
				);
				PRODUCT_BUNDLE_IDENTIFIER = Freemansion.ContactsTests;
				PRODUCT_NAME = "$(TARGET_NAME)";
				SWIFT_VERSION = 4.2;
				TARGETED_DEVICE_FAMILY = "1,2";
				TEST_HOST = "$(BUILT_PRODUCTS_DIR)/Contacts.app/Contacts";
			};
			name = Debug;
		};
		F098FD7E2204958C00656B8F /* Release */ = {
			isa = XCBuildConfiguration;
			buildSettings = {
				ALWAYS_EMBED_SWIFT_STANDARD_LIBRARIES = YES;
				BUNDLE_LOADER = "$(TEST_HOST)";
				CODE_SIGN_STYLE = Automatic;
				DEVELOPMENT_TEAM = 9QAMVT46U8;
				INFOPLIST_FILE = ContactsTests/Info.plist;
				LD_RUNPATH_SEARCH_PATHS = (
					"$(inherited)",
					"@executable_path/Frameworks",
					"@loader_path/Frameworks",
				);
				PRODUCT_BUNDLE_IDENTIFIER = Freemansion.ContactsTests;
				PRODUCT_NAME = "$(TARGET_NAME)";
				SWIFT_VERSION = 4.2;
				TARGETED_DEVICE_FAMILY = "1,2";
				TEST_HOST = "$(BUILT_PRODUCTS_DIR)/Contacts.app/Contacts";
			};
			name = Release;
		};
		F098FD802204958C00656B8F /* Debug */ = {
			isa = XCBuildConfiguration;
			buildSettings = {
				ALWAYS_EMBED_SWIFT_STANDARD_LIBRARIES = YES;
				CODE_SIGN_STYLE = Automatic;
				DEVELOPMENT_TEAM = 9QAMVT46U8;
				INFOPLIST_FILE = ContactsUITests/Info.plist;
				LD_RUNPATH_SEARCH_PATHS = (
					"$(inherited)",
					"@executable_path/Frameworks",
					"@loader_path/Frameworks",
				);
				PRODUCT_BUNDLE_IDENTIFIER = Freemansion.ContactsUITests;
				PRODUCT_NAME = "$(TARGET_NAME)";
				SWIFT_VERSION = 4.2;
				TARGETED_DEVICE_FAMILY = "1,2";
				TEST_TARGET_NAME = Contacts;
			};
			name = Debug;
		};
		F098FD812204958C00656B8F /* Release */ = {
			isa = XCBuildConfiguration;
			buildSettings = {
				ALWAYS_EMBED_SWIFT_STANDARD_LIBRARIES = YES;
				CODE_SIGN_STYLE = Automatic;
				DEVELOPMENT_TEAM = 9QAMVT46U8;
				INFOPLIST_FILE = ContactsUITests/Info.plist;
				LD_RUNPATH_SEARCH_PATHS = (
					"$(inherited)",
					"@executable_path/Frameworks",
					"@loader_path/Frameworks",
				);
				PRODUCT_BUNDLE_IDENTIFIER = Freemansion.ContactsUITests;
				PRODUCT_NAME = "$(TARGET_NAME)";
				SWIFT_VERSION = 4.2;
				TARGETED_DEVICE_FAMILY = "1,2";
				TEST_TARGET_NAME = Contacts;
			};
			name = Release;
		};
		F098FDBB2204A7E400656B8F /* Debug */ = {
			isa = XCBuildConfiguration;
			buildSettings = {
				CLANG_ENABLE_MODULES = YES;
				CODE_SIGN_IDENTITY = "";
				CODE_SIGN_STYLE = Automatic;
				CURRENT_PROJECT_VERSION = 1;
				DEFINES_MODULE = YES;
				DEVELOPMENT_TEAM = 9QAMVT46U8;
				DYLIB_COMPATIBILITY_VERSION = 1;
				DYLIB_CURRENT_VERSION = 1;
				DYLIB_INSTALL_NAME_BASE = "@rpath";
				INFOPLIST_FILE = ContactModels/Info.plist;
				INSTALL_PATH = "$(LOCAL_LIBRARY_DIR)/Frameworks";
				LD_RUNPATH_SEARCH_PATHS = (
					"$(inherited)",
					"@executable_path/Frameworks",
					"@loader_path/Frameworks",
				);
				PRODUCT_BUNDLE_IDENTIFIER = Freemansion.ContactModels;
				PRODUCT_NAME = "$(TARGET_NAME:c99extidentifier)";
				SKIP_INSTALL = YES;
				SWIFT_OPTIMIZATION_LEVEL = "-Onone";
				SWIFT_VERSION = 4.2;
				TARGETED_DEVICE_FAMILY = "1,2";
				VERSIONING_SYSTEM = "apple-generic";
				VERSION_INFO_PREFIX = "";
			};
			name = Debug;
		};
		F098FDBC2204A7E400656B8F /* Release */ = {
			isa = XCBuildConfiguration;
			buildSettings = {
				CLANG_ENABLE_MODULES = YES;
				CODE_SIGN_IDENTITY = "";
				CODE_SIGN_STYLE = Automatic;
				CURRENT_PROJECT_VERSION = 1;
				DEFINES_MODULE = YES;
				DEVELOPMENT_TEAM = 9QAMVT46U8;
				DYLIB_COMPATIBILITY_VERSION = 1;
				DYLIB_CURRENT_VERSION = 1;
				DYLIB_INSTALL_NAME_BASE = "@rpath";
				INFOPLIST_FILE = ContactModels/Info.plist;
				INSTALL_PATH = "$(LOCAL_LIBRARY_DIR)/Frameworks";
				LD_RUNPATH_SEARCH_PATHS = (
					"$(inherited)",
					"@executable_path/Frameworks",
					"@loader_path/Frameworks",
				);
				PRODUCT_BUNDLE_IDENTIFIER = Freemansion.ContactModels;
				PRODUCT_NAME = "$(TARGET_NAME:c99extidentifier)";
				SKIP_INSTALL = YES;
				SWIFT_VERSION = 4.2;
				TARGETED_DEVICE_FAMILY = "1,2";
				VERSIONING_SYSTEM = "apple-generic";
				VERSION_INFO_PREFIX = "";
			};
			name = Release;
		};
		F098FDBE2204A7E400656B8F /* Debug */ = {
			isa = XCBuildConfiguration;
			buildSettings = {
				ALWAYS_EMBED_SWIFT_STANDARD_LIBRARIES = YES;
				CODE_SIGN_STYLE = Automatic;
				DEVELOPMENT_TEAM = 9QAMVT46U8;
				INFOPLIST_FILE = ContactModelsTests/Info.plist;
				LD_RUNPATH_SEARCH_PATHS = (
					"$(inherited)",
					"@executable_path/Frameworks",
					"@loader_path/Frameworks",
				);
				PRODUCT_BUNDLE_IDENTIFIER = Freemansion.ContactModelsTests;
				PRODUCT_NAME = "$(TARGET_NAME)";
				SWIFT_VERSION = 4.2;
				TARGETED_DEVICE_FAMILY = "1,2";
			};
			name = Debug;
		};
		F098FDBF2204A7E400656B8F /* Release */ = {
			isa = XCBuildConfiguration;
			buildSettings = {
				ALWAYS_EMBED_SWIFT_STANDARD_LIBRARIES = YES;
				CODE_SIGN_STYLE = Automatic;
				DEVELOPMENT_TEAM = 9QAMVT46U8;
				INFOPLIST_FILE = ContactModelsTests/Info.plist;
				LD_RUNPATH_SEARCH_PATHS = (
					"$(inherited)",
					"@executable_path/Frameworks",
					"@loader_path/Frameworks",
				);
				PRODUCT_BUNDLE_IDENTIFIER = Freemansion.ContactModelsTests;
				PRODUCT_NAME = "$(TARGET_NAME)";
				SWIFT_VERSION = 4.2;
				TARGETED_DEVICE_FAMILY = "1,2";
			};
			name = Release;
		};
		F098FDE122053A7B00656B8F /* Debug */ = {
			isa = XCBuildConfiguration;
			baseConfigurationReference = D5305A0234C921A5D1285E78 /* Pods-ContactsNetwork.debug.xcconfig */;
			buildSettings = {
				CLANG_ENABLE_MODULES = YES;
				CODE_SIGN_IDENTITY = "";
				CODE_SIGN_STYLE = Automatic;
				CURRENT_PROJECT_VERSION = 1;
				DEFINES_MODULE = YES;
				DEVELOPMENT_TEAM = 9QAMVT46U8;
				DYLIB_COMPATIBILITY_VERSION = 1;
				DYLIB_CURRENT_VERSION = 1;
				DYLIB_INSTALL_NAME_BASE = "@rpath";
				INFOPLIST_FILE = ContactsNetwork/Info.plist;
				INSTALL_PATH = "$(LOCAL_LIBRARY_DIR)/Frameworks";
				LD_RUNPATH_SEARCH_PATHS = (
					"$(inherited)",
					"@executable_path/Frameworks",
					"@loader_path/Frameworks",
				);
				PRODUCT_BUNDLE_IDENTIFIER = Freemansion.ContactsNetwork;
				PRODUCT_NAME = "$(TARGET_NAME:c99extidentifier)";
				SKIP_INSTALL = YES;
				SWIFT_OPTIMIZATION_LEVEL = "-Onone";
				SWIFT_VERSION = 4.2;
				TARGETED_DEVICE_FAMILY = "1,2";
				VERSIONING_SYSTEM = "apple-generic";
				VERSION_INFO_PREFIX = "";
			};
			name = Debug;
		};
		F098FDE222053A7B00656B8F /* Release */ = {
			isa = XCBuildConfiguration;
			baseConfigurationReference = 5768E94048357DEFC34474AD /* Pods-ContactsNetwork.release.xcconfig */;
			buildSettings = {
				CLANG_ENABLE_MODULES = YES;
				CODE_SIGN_IDENTITY = "";
				CODE_SIGN_STYLE = Automatic;
				CURRENT_PROJECT_VERSION = 1;
				DEFINES_MODULE = YES;
				DEVELOPMENT_TEAM = 9QAMVT46U8;
				DYLIB_COMPATIBILITY_VERSION = 1;
				DYLIB_CURRENT_VERSION = 1;
				DYLIB_INSTALL_NAME_BASE = "@rpath";
				INFOPLIST_FILE = ContactsNetwork/Info.plist;
				INSTALL_PATH = "$(LOCAL_LIBRARY_DIR)/Frameworks";
				LD_RUNPATH_SEARCH_PATHS = (
					"$(inherited)",
					"@executable_path/Frameworks",
					"@loader_path/Frameworks",
				);
				PRODUCT_BUNDLE_IDENTIFIER = Freemansion.ContactsNetwork;
				PRODUCT_NAME = "$(TARGET_NAME:c99extidentifier)";
				SKIP_INSTALL = YES;
				SWIFT_VERSION = 4.2;
				TARGETED_DEVICE_FAMILY = "1,2";
				VERSIONING_SYSTEM = "apple-generic";
				VERSION_INFO_PREFIX = "";
			};
			name = Release;
		};
		F098FDE322053A7B00656B8F /* Debug */ = {
			isa = XCBuildConfiguration;
			buildSettings = {
				ALWAYS_EMBED_SWIFT_STANDARD_LIBRARIES = YES;
				CODE_SIGN_STYLE = Automatic;
				DEVELOPMENT_TEAM = 9QAMVT46U8;
				INFOPLIST_FILE = ContactsNetworkTests/Info.plist;
				LD_RUNPATH_SEARCH_PATHS = (
					"$(inherited)",
					"@executable_path/Frameworks",
					"@loader_path/Frameworks",
				);
				PRODUCT_BUNDLE_IDENTIFIER = Freemansion.ContactsNetworkTests;
				PRODUCT_NAME = "$(TARGET_NAME)";
				SWIFT_VERSION = 4.2;
				TARGETED_DEVICE_FAMILY = "1,2";
				TEST_HOST = "$(BUILT_PRODUCTS_DIR)/Contacts.app/Contacts";
			};
			name = Debug;
		};
		F098FDE422053A7B00656B8F /* Release */ = {
			isa = XCBuildConfiguration;
			buildSettings = {
				ALWAYS_EMBED_SWIFT_STANDARD_LIBRARIES = YES;
				CODE_SIGN_STYLE = Automatic;
				DEVELOPMENT_TEAM = 9QAMVT46U8;
				INFOPLIST_FILE = ContactsNetworkTests/Info.plist;
				LD_RUNPATH_SEARCH_PATHS = (
					"$(inherited)",
					"@executable_path/Frameworks",
					"@loader_path/Frameworks",
				);
				PRODUCT_BUNDLE_IDENTIFIER = Freemansion.ContactsNetworkTests;
				PRODUCT_NAME = "$(TARGET_NAME)";
				SWIFT_VERSION = 4.2;
				TARGETED_DEVICE_FAMILY = "1,2";
				TEST_HOST = "$(BUILT_PRODUCTS_DIR)/Contacts.app/Contacts";
			};
			name = Release;
		};
/* End XCBuildConfiguration section */

/* Begin XCConfigurationList section */
		F098FD4C2204958A00656B8F /* Build configuration list for PBXProject "contacts" */ = {
			isa = XCConfigurationList;
			buildConfigurations = (
				F098FD772204958C00656B8F /* Debug */,
				F098FD782204958C00656B8F /* Release */,
			);
			defaultConfigurationIsVisible = 0;
			defaultConfigurationName = Release;
		};
		F098FD792204958C00656B8F /* Build configuration list for PBXNativeTarget "contacts-ios" */ = {
			isa = XCConfigurationList;
			buildConfigurations = (
				F098FD7A2204958C00656B8F /* Debug */,
				F098FD7B2204958C00656B8F /* Release */,
			);
			defaultConfigurationIsVisible = 0;
			defaultConfigurationName = Release;
		};
		F098FD7C2204958C00656B8F /* Build configuration list for PBXNativeTarget "ContactsTests" */ = {
			isa = XCConfigurationList;
			buildConfigurations = (
				F098FD7D2204958C00656B8F /* Debug */,
				F098FD7E2204958C00656B8F /* Release */,
			);
			defaultConfigurationIsVisible = 0;
			defaultConfigurationName = Release;
		};
		F098FD7F2204958C00656B8F /* Build configuration list for PBXNativeTarget "ContactsUITests" */ = {
			isa = XCConfigurationList;
			buildConfigurations = (
				F098FD802204958C00656B8F /* Debug */,
				F098FD812204958C00656B8F /* Release */,
			);
			defaultConfigurationIsVisible = 0;
			defaultConfigurationName = Release;
		};
		F098FDBA2204A7E400656B8F /* Build configuration list for PBXNativeTarget "ContactModels" */ = {
			isa = XCConfigurationList;
			buildConfigurations = (
				F098FDBB2204A7E400656B8F /* Debug */,
				F098FDBC2204A7E400656B8F /* Release */,
			);
			defaultConfigurationIsVisible = 0;
			defaultConfigurationName = Release;
		};
		F098FDBD2204A7E400656B8F /* Build configuration list for PBXNativeTarget "ContactModelsTests" */ = {
			isa = XCConfigurationList;
			buildConfigurations = (
				F098FDBE2204A7E400656B8F /* Debug */,
				F098FDBF2204A7E400656B8F /* Release */,
			);
			defaultConfigurationIsVisible = 0;
			defaultConfigurationName = Release;
		};
		F098FDE522053A7B00656B8F /* Build configuration list for PBXNativeTarget "ContactsNetwork" */ = {
			isa = XCConfigurationList;
			buildConfigurations = (
				F098FDE122053A7B00656B8F /* Debug */,
				F098FDE222053A7B00656B8F /* Release */,
			);
			defaultConfigurationIsVisible = 0;
			defaultConfigurationName = Release;
		};
		F098FDE722053A7B00656B8F /* Build configuration list for PBXNativeTarget "ContactsNetworkTests" */ = {
			isa = XCConfigurationList;
			buildConfigurations = (
				F098FDE322053A7B00656B8F /* Debug */,
				F098FDE422053A7B00656B8F /* Release */,
			);
			defaultConfigurationIsVisible = 0;
			defaultConfigurationName = Release;
		};
/* End XCConfigurationList section */
	};
	rootObject = F098FD492204958A00656B8F /* Project object */;
}
